// !$*UTF8*$!
{
	archiveVersion = 1;
	classes = {
	};
	objectVersion = 46;
	objects = {

/* Begin PBXBuildFile section */
		B152F5DA1ADA65910019FFFB /* MXWLibraryViewController.m in Sources */ = {isa = PBXBuildFile; fileRef = B152F5D91ADA65910019FFFB /* MXWLibraryViewController.m */; };
		B152F5DD1ADAA37D0019FFFB /* MXWCoreDataTableViewController.m in Sources */ = {isa = PBXBuildFile; fileRef = B152F5DC1ADAA37D0019FFFB /* MXWCoreDataTableViewController.m */; };
		B1897BC81AD9529E008D743C /* main.m in Sources */ = {isa = PBXBuildFile; fileRef = B1897BC71AD9529E008D743C /* main.m */; };
		B1897BCB1AD9529E008D743C /* AppDelegate.m in Sources */ = {isa = PBXBuildFile; fileRef = B1897BCA1AD9529E008D743C /* AppDelegate.m */; };
		B1897BD31AD9529E008D743C /* Images.xcassets in Resources */ = {isa = PBXBuildFile; fileRef = B1897BD21AD9529E008D743C /* Images.xcassets */; };
		B1897BD61AD9529E008D743C /* LaunchScreen.xib in Resources */ = {isa = PBXBuildFile; fileRef = B1897BD41AD9529E008D743C /* LaunchScreen.xib */; };
		B1897BE21AD9529E008D743C /* AdvanceHBookTests.m in Sources */ = {isa = PBXBuildFile; fileRef = B1897BE11AD9529E008D743C /* AdvanceHBookTests.m */; };
		B1897BED1AD977BD008D743C /* BookModel.xcdatamodeld in Sources */ = {isa = PBXBuildFile; fileRef = B1897BEB1AD977BD008D743C /* BookModel.xcdatamodeld */; };
		B1897BF31AD98475008D743C /* AGTCoreDataStack.m in Sources */ = {isa = PBXBuildFile; fileRef = B1897BF01AD98475008D743C /* AGTCoreDataStack.m */; };
		B1897BF91AD986D8008D743C /* MXWBaseManagedObject.m in Sources */ = {isa = PBXBuildFile; fileRef = B1897BF81AD986D8008D743C /* MXWBaseManagedObject.m */; };
		B1897C041AD989FD008D743C /* _MXWAuthor.m in Sources */ = {isa = PBXBuildFile; fileRef = B1897BFB1AD989FD008D743C /* _MXWAuthor.m */; };
		B1897C051AD989FD008D743C /* _MXWBook.m in Sources */ = {isa = PBXBuildFile; fileRef = B1897BFD1AD989FD008D743C /* _MXWBook.m */; };
		B1897C061AD989FD008D743C /* _MXWGender.m in Sources */ = {isa = PBXBuildFile; fileRef = B1897BFF1AD989FD008D743C /* _MXWGender.m */; };
		B1897C071AD989FD008D743C /* _MXWNote.m in Sources */ = {isa = PBXBuildFile; fileRef = B1897C011AD989FD008D743C /* _MXWNote.m */; };
		B1897C081AD989FD008D743C /* _MXWTag.m in Sources */ = {isa = PBXBuildFile; fileRef = B1897C031AD989FD008D743C /* _MXWTag.m */; };
		B1897C0C1AD98A2B008D743C /* MXWAuthor.m in Sources */ = {isa = PBXBuildFile; fileRef = B1897C0B1AD98A2B008D743C /* MXWAuthor.m */; };
		B1897C151AD98A46008D743C /* MXWBook.m in Sources */ = {isa = PBXBuildFile; fileRef = B1897C0E1AD98A46008D743C /* MXWBook.m */; };
		B1897C161AD98A46008D743C /* MXWGender.m in Sources */ = {isa = PBXBuildFile; fileRef = B1897C101AD98A46008D743C /* MXWGender.m */; };
		B1897C171AD98A46008D743C /* MXWNote.m in Sources */ = {isa = PBXBuildFile; fileRef = B1897C121AD98A46008D743C /* MXWNote.m */; };
		B1897C181AD98A46008D743C /* MXWTag.m in Sources */ = {isa = PBXBuildFile; fileRef = B1897C141AD98A46008D743C /* MXWTag.m */; };
		B1897C1B1AD99724008D743C /* Book_placeholder.png in Resources */ = {isa = PBXBuildFile; fileRef = B1897C1A1AD99724008D743C /* Book_placeholder.png */; };
		B1897C1F1AD9C245008D743C /* MXWLibraryMng.m in Sources */ = {isa = PBXBuildFile; fileRef = B1897C1E1AD9C245008D743C /* MXWLibraryMng.m */; };
/* End PBXBuildFile section */

/* Begin PBXContainerItemProxy section */
		B1897BDC1AD9529E008D743C /* PBXContainerItemProxy */ = {
			isa = PBXContainerItemProxy;
			containerPortal = B1897BBA1AD9529E008D743C /* Project object */;
			proxyType = 1;
			remoteGlobalIDString = B1897BC11AD9529E008D743C;
			remoteInfo = AdvanceHBook;
		};
/* End PBXContainerItemProxy section */

/* Begin PBXFileReference section */
		B152F5D81ADA65910019FFFB /* MXWLibraryViewController.h */ = {isa = PBXFileReference; fileEncoding = 4; lastKnownFileType = sourcecode.c.h; path = MXWLibraryViewController.h; sourceTree = "<group>"; };
		B152F5D91ADA65910019FFFB /* MXWLibraryViewController.m */ = {isa = PBXFileReference; fileEncoding = 4; lastKnownFileType = sourcecode.c.objc; path = MXWLibraryViewController.m; sourceTree = "<group>"; };
		B152F5DB1ADAA37D0019FFFB /* MXWCoreDataTableViewController.h */ = {isa = PBXFileReference; fileEncoding = 4; lastKnownFileType = sourcecode.c.h; path = MXWCoreDataTableViewController.h; sourceTree = "<group>"; };
		B152F5DC1ADAA37D0019FFFB /* MXWCoreDataTableViewController.m */ = {isa = PBXFileReference; fileEncoding = 4; lastKnownFileType = sourcecode.c.objc; path = MXWCoreDataTableViewController.m; sourceTree = "<group>"; };
		B1897BC21AD9529E008D743C /* AdvanceHBook.app */ = {isa = PBXFileReference; explicitFileType = wrapper.application; includeInIndex = 0; path = AdvanceHBook.app; sourceTree = BUILT_PRODUCTS_DIR; };
		B1897BC61AD9529E008D743C /* Info.plist */ = {isa = PBXFileReference; lastKnownFileType = text.plist.xml; path = Info.plist; sourceTree = "<group>"; };
		B1897BC71AD9529E008D743C /* main.m */ = {isa = PBXFileReference; lastKnownFileType = sourcecode.c.objc; path = main.m; sourceTree = "<group>"; };
		B1897BC91AD9529E008D743C /* AppDelegate.h */ = {isa = PBXFileReference; lastKnownFileType = sourcecode.c.h; path = AppDelegate.h; sourceTree = "<group>"; };
		B1897BCA1AD9529E008D743C /* AppDelegate.m */ = {isa = PBXFileReference; lastKnownFileType = sourcecode.c.objc; path = AppDelegate.m; sourceTree = "<group>"; };
		B1897BD21AD9529E008D743C /* Images.xcassets */ = {isa = PBXFileReference; lastKnownFileType = folder.assetcatalog; path = Images.xcassets; sourceTree = "<group>"; };
		B1897BD51AD9529E008D743C /* Base */ = {isa = PBXFileReference; lastKnownFileType = file.xib; name = Base; path = Base.lproj/LaunchScreen.xib; sourceTree = "<group>"; };
		B1897BDB1AD9529E008D743C /* AdvanceHBookTests.xctest */ = {isa = PBXFileReference; explicitFileType = wrapper.cfbundle; includeInIndex = 0; path = AdvanceHBookTests.xctest; sourceTree = BUILT_PRODUCTS_DIR; };
		B1897BE01AD9529E008D743C /* Info.plist */ = {isa = PBXFileReference; lastKnownFileType = text.plist.xml; path = Info.plist; sourceTree = "<group>"; };
		B1897BE11AD9529E008D743C /* AdvanceHBookTests.m */ = {isa = PBXFileReference; lastKnownFileType = sourcecode.c.objc; path = AdvanceHBookTests.m; sourceTree = "<group>"; };
		B1897BEC1AD977BD008D743C /* BookModel.xcdatamodel */ = {isa = PBXFileReference; lastKnownFileType = wrapper.xcdatamodel; path = BookModel.xcdatamodel; sourceTree = "<group>"; };
		B1897BEF1AD98460008D743C /* AGTCoreDataStack.h */ = {isa = PBXFileReference; lastKnownFileType = sourcecode.c.h; path = AGTCoreDataStack.h; sourceTree = "<group>"; };
		B1897BF01AD98475008D743C /* AGTCoreDataStack.m */ = {isa = PBXFileReference; fileEncoding = 4; lastKnownFileType = sourcecode.c.objc; path = AGTCoreDataStack.m; sourceTree = "<group>"; };
		B1897BF61AD984E6008D743C /* Header.h */ = {isa = PBXFileReference; lastKnownFileType = sourcecode.c.h; path = Header.h; sourceTree = "<group>"; };
		B1897BF71AD986D8008D743C /* MXWBaseManagedObject.h */ = {isa = PBXFileReference; fileEncoding = 4; lastKnownFileType = sourcecode.c.h; path = MXWBaseManagedObject.h; sourceTree = "<group>"; };
		B1897BF81AD986D8008D743C /* MXWBaseManagedObject.m */ = {isa = PBXFileReference; fileEncoding = 4; lastKnownFileType = sourcecode.c.objc; path = MXWBaseManagedObject.m; sourceTree = "<group>"; };
		B1897BFA1AD989FD008D743C /* _MXWAuthor.h */ = {isa = PBXFileReference; fileEncoding = 4; lastKnownFileType = sourcecode.c.h; path = _MXWAuthor.h; sourceTree = "<group>"; };
		B1897BFB1AD989FD008D743C /* _MXWAuthor.m */ = {isa = PBXFileReference; fileEncoding = 4; lastKnownFileType = sourcecode.c.objc; path = _MXWAuthor.m; sourceTree = "<group>"; };
		B1897BFC1AD989FD008D743C /* _MXWBook.h */ = {isa = PBXFileReference; fileEncoding = 4; lastKnownFileType = sourcecode.c.h; path = _MXWBook.h; sourceTree = "<group>"; };
		B1897BFD1AD989FD008D743C /* _MXWBook.m */ = {isa = PBXFileReference; fileEncoding = 4; lastKnownFileType = sourcecode.c.objc; path = _MXWBook.m; sourceTree = "<group>"; };
		B1897BFE1AD989FD008D743C /* _MXWGender.h */ = {isa = PBXFileReference; fileEncoding = 4; lastKnownFileType = sourcecode.c.h; path = _MXWGender.h; sourceTree = "<group>"; };
		B1897BFF1AD989FD008D743C /* _MXWGender.m */ = {isa = PBXFileReference; fileEncoding = 4; lastKnownFileType = sourcecode.c.objc; path = _MXWGender.m; sourceTree = "<group>"; };
		B1897C001AD989FD008D743C /* _MXWNote.h */ = {isa = PBXFileReference; fileEncoding = 4; lastKnownFileType = sourcecode.c.h; path = _MXWNote.h; sourceTree = "<group>"; };
		B1897C011AD989FD008D743C /* _MXWNote.m */ = {isa = PBXFileReference; fileEncoding = 4; lastKnownFileType = sourcecode.c.objc; path = _MXWNote.m; sourceTree = "<group>"; };
		B1897C021AD989FD008D743C /* _MXWTag.h */ = {isa = PBXFileReference; fileEncoding = 4; lastKnownFileType = sourcecode.c.h; path = _MXWTag.h; sourceTree = "<group>"; };
		B1897C031AD989FD008D743C /* _MXWTag.m */ = {isa = PBXFileReference; fileEncoding = 4; lastKnownFileType = sourcecode.c.objc; path = _MXWTag.m; sourceTree = "<group>"; };
		B1897C0A1AD98A2B008D743C /* MXWAuthor.h */ = {isa = PBXFileReference; fileEncoding = 4; lastKnownFileType = sourcecode.c.h; path = MXWAuthor.h; sourceTree = "<group>"; };
		B1897C0B1AD98A2B008D743C /* MXWAuthor.m */ = {isa = PBXFileReference; fileEncoding = 4; lastKnownFileType = sourcecode.c.objc; path = MXWAuthor.m; sourceTree = "<group>"; };
		B1897C0D1AD98A46008D743C /* MXWBook.h */ = {isa = PBXFileReference; fileEncoding = 4; lastKnownFileType = sourcecode.c.h; path = MXWBook.h; sourceTree = "<group>"; };
		B1897C0E1AD98A46008D743C /* MXWBook.m */ = {isa = PBXFileReference; fileEncoding = 4; lastKnownFileType = sourcecode.c.objc; path = MXWBook.m; sourceTree = "<group>"; };
		B1897C0F1AD98A46008D743C /* MXWGender.h */ = {isa = PBXFileReference; fileEncoding = 4; lastKnownFileType = sourcecode.c.h; path = MXWGender.h; sourceTree = "<group>"; };
		B1897C101AD98A46008D743C /* MXWGender.m */ = {isa = PBXFileReference; fileEncoding = 4; lastKnownFileType = sourcecode.c.objc; path = MXWGender.m; sourceTree = "<group>"; };
		B1897C111AD98A46008D743C /* MXWNote.h */ = {isa = PBXFileReference; fileEncoding = 4; lastKnownFileType = sourcecode.c.h; path = MXWNote.h; sourceTree = "<group>"; };
		B1897C121AD98A46008D743C /* MXWNote.m */ = {isa = PBXFileReference; fileEncoding = 4; lastKnownFileType = sourcecode.c.objc; path = MXWNote.m; sourceTree = "<group>"; };
		B1897C131AD98A46008D743C /* MXWTag.h */ = {isa = PBXFileReference; fileEncoding = 4; lastKnownFileType = sourcecode.c.h; path = MXWTag.h; sourceTree = "<group>"; };
		B1897C141AD98A46008D743C /* MXWTag.m */ = {isa = PBXFileReference; fileEncoding = 4; lastKnownFileType = sourcecode.c.objc; path = MXWTag.m; sourceTree = "<group>"; };
		B1897C1A1AD99724008D743C /* Book_placeholder.png */ = {isa = PBXFileReference; lastKnownFileType = image.png; path = Book_placeholder.png; sourceTree = "<group>"; };
		B1897C1D1AD9C245008D743C /* MXWLibraryMng.h */ = {isa = PBXFileReference; fileEncoding = 4; lastKnownFileType = sourcecode.c.h; path = MXWLibraryMng.h; sourceTree = "<group>"; };
		B1897C1E1AD9C245008D743C /* MXWLibraryMng.m */ = {isa = PBXFileReference; fileEncoding = 4; lastKnownFileType = sourcecode.c.objc; path = MXWLibraryMng.m; sourceTree = "<group>"; };
/* End PBXFileReference section */

/* Begin PBXFrameworksBuildPhase section */
		B1897BBF1AD9529E008D743C /* Frameworks */ = {
			isa = PBXFrameworksBuildPhase;
			buildActionMask = 2147483647;
			files = (
			);
			runOnlyForDeploymentPostprocessing = 0;
		};
		B1897BD81AD9529E008D743C /* Frameworks */ = {
			isa = PBXFrameworksBuildPhase;
			buildActionMask = 2147483647;
			files = (
			);
			runOnlyForDeploymentPostprocessing = 0;
		};
/* End PBXFrameworksBuildPhase section */

/* Begin PBXGroup section */
		B1897BB91AD9529E008D743C = {
			isa = PBXGroup;
			children = (
				B1897BC41AD9529E008D743C /* AdvanceHBook */,
				B1897BDE1AD9529E008D743C /* AdvanceHBookTests */,
				B1897BC31AD9529E008D743C /* Products */,
			);
			sourceTree = "<group>";
		};
		B1897BC31AD9529E008D743C /* Products */ = {
			isa = PBXGroup;
			children = (
				B1897BC21AD9529E008D743C /* AdvanceHBook.app */,
				B1897BDB1AD9529E008D743C /* AdvanceHBookTests.xctest */,
			);
			name = Products;
			sourceTree = "<group>";
		};
		B1897BC41AD9529E008D743C /* AdvanceHBook */ = {
			isa = PBXGroup;
			children = (
				B1897BC91AD9529E008D743C /* AppDelegate.h */,
				B1897BCA1AD9529E008D743C /* AppDelegate.m */,
				B1897BF51AD9849A008D743C /* Controllers */,
				B1897BEE1AD977CD008D743C /* Model */,
				B1897BC51AD9529E008D743C /* Supporting Files */,
			);
			path = AdvanceHBook;
			sourceTree = "<group>";
		};
		B1897BC51AD9529E008D743C /* Supporting Files */ = {
			isa = PBXGroup;
			children = (
				B1897C1C1AD99729008D743C /* img */,
				B1897BD21AD9529E008D743C /* Images.xcassets */,
				B1897BD41AD9529E008D743C /* LaunchScreen.xib */,
				B1897BC61AD9529E008D743C /* Info.plist */,
				B1897BC71AD9529E008D743C /* main.m */,
				B1897BF61AD984E6008D743C /* Header.h */,
			);
			name = "Supporting Files";
			sourceTree = "<group>";
		};
		B1897BDE1AD9529E008D743C /* AdvanceHBookTests */ = {
			isa = PBXGroup;
			children = (
				B1897BE11AD9529E008D743C /* AdvanceHBookTests.m */,
				B1897BDF1AD9529E008D743C /* Supporting Files */,
			);
			path = AdvanceHBookTests;
			sourceTree = "<group>";
		};
		B1897BDF1AD9529E008D743C /* Supporting Files */ = {
			isa = PBXGroup;
			children = (
				B1897BE01AD9529E008D743C /* Info.plist */,
			);
			name = "Supporting Files";
			sourceTree = "<group>";
		};
		B1897BEE1AD977CD008D743C /* Model */ = {
			isa = PBXGroup;
			children = (
				B1897C0A1AD98A2B008D743C /* MXWAuthor.h */,
				B1897C0B1AD98A2B008D743C /* MXWAuthor.m */,
				B1897C0D1AD98A46008D743C /* MXWBook.h */,
				B1897C0E1AD98A46008D743C /* MXWBook.m */,
				B1897C0F1AD98A46008D743C /* MXWGender.h */,
				B1897C101AD98A46008D743C /* MXWGender.m */,
				B1897C111AD98A46008D743C /* MXWNote.h */,
				B1897C121AD98A46008D743C /* MXWNote.m */,
				B1897C131AD98A46008D743C /* MXWTag.h */,
				B1897C141AD98A46008D743C /* MXWTag.m */,
				B1897C1D1AD9C245008D743C /* MXWLibraryMng.h */,
				B1897C1E1AD9C245008D743C /* MXWLibraryMng.m */,
				B1897C091AD98A04008D743C /* moG */,
				B1897C191AD98A5C008D743C /* CoreData */,
			);
			name = Model;
			sourceTree = "<group>";
		};
		B1897BF51AD9849A008D743C /* Controllers */ = {
			isa = PBXGroup;
			children = (
				B152F5DB1ADAA37D0019FFFB /* MXWCoreDataTableViewController.h */,
				B152F5DC1ADAA37D0019FFFB /* MXWCoreDataTableViewController.m */,
				B152F5D81ADA65910019FFFB /* MXWLibraryViewController.h */,
				B152F5D91ADA65910019FFFB /* MXWLibraryViewController.m */,
			);
			name = Controllers;
			sourceTree = "<group>";
		};
		B1897C091AD98A04008D743C /* moG */ = {
			isa = PBXGroup;
			children = (
				B1897BFA1AD989FD008D743C /* _MXWAuthor.h */,
				B1897BFB1AD989FD008D743C /* _MXWAuthor.m */,
				B1897BFC1AD989FD008D743C /* _MXWBook.h */,
				B1897BFD1AD989FD008D743C /* _MXWBook.m */,
				B1897BFE1AD989FD008D743C /* _MXWGender.h */,
				B1897BFF1AD989FD008D743C /* _MXWGender.m */,
				B1897C001AD989FD008D743C /* _MXWNote.h */,
				B1897C011AD989FD008D743C /* _MXWNote.m */,
				B1897C021AD989FD008D743C /* _MXWTag.h */,
				B1897C031AD989FD008D743C /* _MXWTag.m */,
			);
			name = moG;
			sourceTree = "<group>";
		};
		B1897C191AD98A5C008D743C /* CoreData */ = {
			isa = PBXGroup;
			children = (
				B1897BEB1AD977BD008D743C /* BookModel.xcdatamodeld */,
				B1897BEF1AD98460008D743C /* AGTCoreDataStack.h */,
				B1897BF01AD98475008D743C /* AGTCoreDataStack.m */,
				B1897BF71AD986D8008D743C /* MXWBaseManagedObject.h */,
				B1897BF81AD986D8008D743C /* MXWBaseManagedObject.m */,
			);
			name = CoreData;
			sourceTree = "<group>";
		};
		B1897C1C1AD99729008D743C /* img */ = {
			isa = PBXGroup;
			children = (
				B1897C1A1AD99724008D743C /* Book_placeholder.png */,
			);
			name = img;
			sourceTree = "<group>";
		};
/* End PBXGroup section */

/* Begin PBXNativeTarget section */
		B1897BC11AD9529E008D743C /* AdvanceHBook */ = {
			isa = PBXNativeTarget;
			buildConfigurationList = B1897BE51AD9529E008D743C /* Build configuration list for PBXNativeTarget "AdvanceHBook" */;
			buildPhases = (
				B1897BBE1AD9529E008D743C /* Sources */,
				B1897BBF1AD9529E008D743C /* Frameworks */,
				B1897BC01AD9529E008D743C /* Resources */,
			);
			buildRules = (
			);
			dependencies = (
			);
			name = AdvanceHBook;
			productName = AdvanceHBook;
			productReference = B1897BC21AD9529E008D743C /* AdvanceHBook.app */;
			productType = "com.apple.product-type.application";
		};
		B1897BDA1AD9529E008D743C /* AdvanceHBookTests */ = {
			isa = PBXNativeTarget;
			buildConfigurationList = B1897BE81AD9529E008D743C /* Build configuration list for PBXNativeTarget "AdvanceHBookTests" */;
			buildPhases = (
				B1897BD71AD9529E008D743C /* Sources */,
				B1897BD81AD9529E008D743C /* Frameworks */,
				B1897BD91AD9529E008D743C /* Resources */,
			);
			buildRules = (
			);
			dependencies = (
				B1897BDD1AD9529E008D743C /* PBXTargetDependency */,
			);
			name = AdvanceHBookTests;
			productName = AdvanceHBookTests;
			productReference = B1897BDB1AD9529E008D743C /* AdvanceHBookTests.xctest */;
			productType = "com.apple.product-type.bundle.unit-test";
		};
/* End PBXNativeTarget section */

/* Begin PBXProject section */
		B1897BBA1AD9529E008D743C /* Project object */ = {
			isa = PBXProject;
			attributes = {
				CLASSPREFIX = MXW;
				LastUpgradeCheck = 0630;
				ORGANIZATIONNAME = maxeiware;
				TargetAttributes = {
					B1897BC11AD9529E008D743C = {
						CreatedOnToolsVersion = 6.3;
					};
					B1897BDA1AD9529E008D743C = {
						CreatedOnToolsVersion = 6.3;
						TestTargetID = B1897BC11AD9529E008D743C;
					};
				};
			};
			buildConfigurationList = B1897BBD1AD9529E008D743C /* Build configuration list for PBXProject "AdvanceHBook" */;
			compatibilityVersion = "Xcode 3.2";
			developmentRegion = English;
			hasScannedForEncodings = 0;
			knownRegions = (
				en,
				Base,
			);
			mainGroup = B1897BB91AD9529E008D743C;
			productRefGroup = B1897BC31AD9529E008D743C /* Products */;
			projectDirPath = "";
			projectRoot = "";
			targets = (
				B1897BC11AD9529E008D743C /* AdvanceHBook */,
				B1897BDA1AD9529E008D743C /* AdvanceHBookTests */,
			);
		};
/* End PBXProject section */

/* Begin PBXResourcesBuildPhase section */
		B1897BC01AD9529E008D743C /* Resources */ = {
			isa = PBXResourcesBuildPhase;
			buildActionMask = 2147483647;
			files = (
				B1897BD61AD9529E008D743C /* LaunchScreen.xib in Resources */,
				B1897BD31AD9529E008D743C /* Images.xcassets in Resources */,
				B1897C1B1AD99724008D743C /* Book_placeholder.png in Resources */,
			);
			runOnlyForDeploymentPostprocessing = 0;
		};
		B1897BD91AD9529E008D743C /* Resources */ = {
			isa = PBXResourcesBuildPhase;
			buildActionMask = 2147483647;
			files = (
			);
			runOnlyForDeploymentPostprocessing = 0;
		};
/* End PBXResourcesBuildPhase section */

/* Begin PBXSourcesBuildPhase section */
		B1897BBE1AD9529E008D743C /* Sources */ = {
			isa = PBXSourcesBuildPhase;
			buildActionMask = 2147483647;
			files = (
				B1897BCB1AD9529E008D743C /* AppDelegate.m in Sources */,
				B1897C171AD98A46008D743C /* MXWNote.m in Sources */,
				B152F5DA1ADA65910019FFFB /* MXWLibraryViewController.m in Sources */,
				B1897C041AD989FD008D743C /* _MXWAuthor.m in Sources */,
				B1897C151AD98A46008D743C /* MXWBook.m in Sources */,
				B1897C051AD989FD008D743C /* _MXWBook.m in Sources */,
				B1897BED1AD977BD008D743C /* BookModel.xcdatamodeld in Sources */,
				B1897C1F1AD9C245008D743C /* MXWLibraryMng.m in Sources */,
				B1897C0C1AD98A2B008D743C /* MXWAuthor.m in Sources */,
				B1897C081AD989FD008D743C /* _MXWTag.m in Sources */,
				B1897BF31AD98475008D743C /* AGTCoreDataStack.m in Sources */,
				B152F5DD1ADAA37D0019FFFB /* MXWCoreDataTableViewController.m in Sources */,
				B1897C161AD98A46008D743C /* MXWGender.m in Sources */,
				B1897C181AD98A46008D743C /* MXWTag.m in Sources */,
				B1897BF91AD986D8008D743C /* MXWBaseManagedObject.m in Sources */,
				B1897BC81AD9529E008D743C /* main.m in Sources */,
				B1897C071AD989FD008D743C /* _MXWNote.m in Sources */,
				B1897C061AD989FD008D743C /* _MXWGender.m in Sources */,
			);
			runOnlyForDeploymentPostprocessing = 0;
		};
		B1897BD71AD9529E008D743C /* Sources */ = {
			isa = PBXSourcesBuildPhase;
			buildActionMask = 2147483647;
			files = (
				B1897BE21AD9529E008D743C /* AdvanceHBookTests.m in Sources */,
			);
			runOnlyForDeploymentPostprocessing = 0;
		};
/* End PBXSourcesBuildPhase section */

/* Begin PBXTargetDependency section */
		B1897BDD1AD9529E008D743C /* PBXTargetDependency */ = {
			isa = PBXTargetDependency;
			target = B1897BC11AD9529E008D743C /* AdvanceHBook */;
			targetProxy = B1897BDC1AD9529E008D743C /* PBXContainerItemProxy */;
		};
/* End PBXTargetDependency section */

/* Begin PBXVariantGroup section */
		B1897BD41AD9529E008D743C /* LaunchScreen.xib */ = {
			isa = PBXVariantGroup;
			children = (
				B1897BD51AD9529E008D743C /* Base */,
			);
			name = LaunchScreen.xib;
			sourceTree = "<group>";
		};
/* End PBXVariantGroup section */

/* Begin XCBuildConfiguration section */
		B1897BE31AD9529E008D743C /* Debug */ = {
			isa = XCBuildConfiguration;
			buildSettings = {
				ALWAYS_SEARCH_USER_PATHS = NO;
				CLANG_CXX_LANGUAGE_STANDARD = "gnu++0x";
				CLANG_CXX_LIBRARY = "libc++";
				CLANG_ENABLE_MODULES = YES;
				CLANG_ENABLE_OBJC_ARC = YES;
				CLANG_WARN_BOOL_CONVERSION = YES;
				CLANG_WARN_CONSTANT_CONVERSION = YES;
				CLANG_WARN_DIRECT_OBJC_ISA_USAGE = YES_ERROR;
				CLANG_WARN_EMPTY_BODY = YES;
				CLANG_WARN_ENUM_CONVERSION = YES;
				CLANG_WARN_INT_CONVERSION = YES;
				CLANG_WARN_OBJC_ROOT_CLASS = YES_ERROR;
				CLANG_WARN_UNREACHABLE_CODE = YES;
				CLANG_WARN__DUPLICATE_METHOD_MATCH = YES;
				"CODE_SIGN_IDENTITY[sdk=iphoneos*]" = "iPhone Developer";
				COPY_PHASE_STRIP = NO;
				DEBUG_INFORMATION_FORMAT = "dwarf-with-dsym";
				ENABLE_STRICT_OBJC_MSGSEND = YES;
				GCC_C_LANGUAGE_STANDARD = gnu99;
				GCC_DYNAMIC_NO_PIC = NO;
				GCC_NO_COMMON_BLOCKS = YES;
				GCC_OPTIMIZATION_LEVEL = 0;
				GCC_PREPROCESSOR_DEFINITIONS = (
					"DEBUG=1",
					"$(inherited)",
				);
				GCC_SYMBOLS_PRIVATE_EXTERN = NO;
				GCC_WARN_64_TO_32_BIT_CONVERSION = YES;
				GCC_WARN_ABOUT_RETURN_TYPE = YES_ERROR;
				GCC_WARN_UNDECLARED_SELECTOR = YES;
				GCC_WARN_UNINITIALIZED_AUTOS = YES_AGGRESSIVE;
				GCC_WARN_UNUSED_FUNCTION = YES;
				GCC_WARN_UNUSED_VARIABLE = YES;
				IPHONEOS_DEPLOYMENT_TARGET = 8.3;
				MTL_ENABLE_DEBUG_INFO = YES;
				ONLY_ACTIVE_ARCH = YES;
				SDKROOT = iphoneos;
				TARGETED_DEVICE_FAMILY = "1,2";
			};
			name = Debug;
		};
		B1897BE41AD9529E008D743C /* Release */ = {
			isa = XCBuildConfiguration;
			buildSettings = {
				ALWAYS_SEARCH_USER_PATHS = NO;
				CLANG_CXX_LANGUAGE_STANDARD = "gnu++0x";
				CLANG_CXX_LIBRARY = "libc++";
				CLANG_ENABLE_MODULES = YES;
				CLANG_ENABLE_OBJC_ARC = YES;
				CLANG_WARN_BOOL_CONVERSION = YES;
				CLANG_WARN_CONSTANT_CONVERSION = YES;
				CLANG_WARN_DIRECT_OBJC_ISA_USAGE = YES_ERROR;
				CLANG_WARN_EMPTY_BODY = YES;
				CLANG_WARN_ENUM_CONVERSION = YES;
				CLANG_WARN_INT_CONVERSION = YES;
				CLANG_WARN_OBJC_ROOT_CLASS = YES_ERROR;
				CLANG_WARN_UNREACHABLE_CODE = YES;
				CLANG_WARN__DUPLICATE_METHOD_MATCH = YES;
				"CODE_SIGN_IDENTITY[sdk=iphoneos*]" = "iPhone Developer";
				COPY_PHASE_STRIP = NO;
				DEBUG_INFORMATION_FORMAT = "dwarf-with-dsym";
				ENABLE_NS_ASSERTIONS = NO;
				ENABLE_STRICT_OBJC_MSGSEND = YES;
				GCC_C_LANGUAGE_STANDARD = gnu99;
				GCC_NO_COMMON_BLOCKS = YES;
				GCC_WARN_64_TO_32_BIT_CONVERSION = YES;
				GCC_WARN_ABOUT_RETURN_TYPE = YES_ERROR;
				GCC_WARN_UNDECLARED_SELECTOR = YES;
				GCC_WARN_UNINITIALIZED_AUTOS = YES_AGGRESSIVE;
				GCC_WARN_UNUSED_FUNCTION = YES;
				GCC_WARN_UNUSED_VARIABLE = YES;
				IPHONEOS_DEPLOYMENT_TARGET = 8.3;
				MTL_ENABLE_DEBUG_INFO = NO;
				SDKROOT = iphoneos;
				TARGETED_DEVICE_FAMILY = "1,2";
				VALIDATE_PRODUCT = YES;
			};
			name = Release;
		};
		B1897BE61AD9529E008D743C /* Debug */ = {
			isa = XCBuildConfiguration;
			buildSettings = {
				ASSETCATALOG_COMPILER_APPICON_NAME = AppIcon;
				INFOPLIST_FILE = AdvanceHBook/Info.plist;
				LD_RUNPATH_SEARCH_PATHS = "$(inherited) @executable_path/Frameworks";
				PRODUCT_NAME = "$(TARGET_NAME)";
			};
			name = Debug;
		};
		B1897BE71AD9529E008D743C /* Release */ = {
			isa = XCBuildConfiguration;
			buildSettings = {
				ASSETCATALOG_COMPILER_APPICON_NAME = AppIcon;
				INFOPLIST_FILE = AdvanceHBook/Info.plist;
				LD_RUNPATH_SEARCH_PATHS = "$(inherited) @executable_path/Frameworks";
				PRODUCT_NAME = "$(TARGET_NAME)";
			};
			name = Release;
		};
		B1897BE91AD9529E008D743C /* Debug */ = {
			isa = XCBuildConfiguration;
			buildSettings = {
				BUNDLE_LOADER = "$(TEST_HOST)";
				FRAMEWORK_SEARCH_PATHS = (
					"$(SDKROOT)/Developer/Library/Frameworks",
					"$(inherited)",
				);
				GCC_PREPROCESSOR_DEFINITIONS = (
					"DEBUG=1",
					"$(inherited)",
				);
				INFOPLIST_FILE = AdvanceHBookTests/Info.plist;
				LD_RUNPATH_SEARCH_PATHS = "$(inherited) @executable_path/Frameworks @loader_path/Frameworks";
				PRODUCT_NAME = "$(TARGET_NAME)";
				TEST_HOST = "$(BUILT_PRODUCTS_DIR)/AdvanceHBook.app/AdvanceHBook";
			};
			name = Debug;
		};
		B1897BEA1AD9529E008D743C /* Release */ = {
			isa = XCBuildConfiguration;
			buildSettings = {
				BUNDLE_LOADER = "$(TEST_HOST)";
				FRAMEWORK_SEARCH_PATHS = (
					"$(SDKROOT)/Developer/Library/Frameworks",
					"$(inherited)",
				);
				INFOPLIST_FILE = AdvanceHBookTests/Info.plist;
				LD_RUNPATH_SEARCH_PATHS = "$(inherited) @executable_path/Frameworks @loader_path/Frameworks";
				PRODUCT_NAME = "$(TARGET_NAME)";
				TEST_HOST = "$(BUILT_PRODUCTS_DIR)/AdvanceHBook.app/AdvanceHBook";
			};
			name = Release;
		};
/* End XCBuildConfiguration section */

/* Begin XCConfigurationList section */
		B1897BBD1AD9529E008D743C /* Build configuration list for PBXProject "AdvanceHBook" */ = {
			isa = XCConfigurationList;
			buildConfigurations = (
				B1897BE31AD9529E008D743C /* Debug */,
				B1897BE41AD9529E008D743C /* Release */,
			);
			defaultConfigurationIsVisible = 0;
			defaultConfigurationName = Release;
		};
		B1897BE51AD9529E008D743C /* Build configuration list for PBXNativeTarget "AdvanceHBook" */ = {
			isa = XCConfigurationList;
			buildConfigurations = (
				B1897BE61AD9529E008D743C /* Debug */,
				B1897BE71AD9529E008D743C /* Release */,
			);
			defaultConfigurationIsVisible = 0;
			defaultConfigurationName = Release;
		};
		B1897BE81AD9529E008D743C /* Build configuration list for PBXNativeTarget "AdvanceHBookTests" */ = {
			isa = XCConfigurationList;
			buildConfigurations = (
				B1897BE91AD9529E008D743C /* Debug */,
				B1897BEA1AD9529E008D743C /* Release */,
			);
			defaultConfigurationIsVisible = 0;
			defaultConfigurationName = Release;
		};
/* End XCConfigurationList section */

/* Begin XCVersionGroup section */
		B1897BEB1AD977BD008D743C /* BookModel.xcdatamodeld */ = {
			isa = XCVersionGroup;
			children = (
				B1897BEC1AD977BD008D743C /* BookModel.xcdatamodel */,
			);
			currentVersion = B1897BEC1AD977BD008D743C /* BookModel.xcdatamodel */;
			path = BookModel.xcdatamodeld;
			sourceTree = "<group>";
			versionGroupType = wrapper.xcdatamodel;
		};
/* End XCVersionGroup section */
	};
	rootObject = B1897BBA1AD9529E008D743C /* Project object */;
}
