// !$*UTF8*$!
{
	archiveVersion = 1;
	classes = {
	};
	objectVersion = 46;
	objects = {

/* Begin PBXBuildFile section */
		B152F5DA1ADA65910019FFFB /* MXWLibraryViewController.m in Sources */ = {isa = PBXBuildFile; fileRef = B152F5D91ADA65910019FFFB /* MXWLibraryViewController.m */; };
		B152F5DD1ADAA37D0019FFFB /* MXWCoreDataTableViewController.m in Sources */ = {isa = PBXBuildFile; fileRef = B152F5DC1ADAA37D0019FFFB /* MXWCoreDataTableViewController.m */; };
		B1740D381AE2B13B000ECB0F /* MXWNoteCollectionViewCell.xib in Resources */ = {isa = PBXBuildFile; fileRef = B1740D371AE2B13B000ECB0F /* MXWNoteCollectionViewCell.xib */; };
		B1740D3A1AE2B2AB000ECB0F /* post-it-198796-m.jpg in Resources */ = {isa = PBXBuildFile; fileRef = B1740D391AE2B2AB000ECB0F /* post-it-198796-m.jpg */; };
		B1740D401AE2B663000ECB0F /* MXWNoteCollectionViewCell.m in Sources */ = {isa = PBXBuildFile; fileRef = B1740D3F1AE2B663000ECB0F /* MXWNoteCollectionViewCell.m */; };
		B1740D461AE2B926000ECB0F /* AGTCoreDataCollectionViewController.m in Sources */ = {isa = PBXBuildFile; fileRef = B1740D451AE2B926000ECB0F /* AGTCoreDataCollectionViewController.m */; };
		B17D16FA1ADED9CB00DFE4A2 /* QuartzCore.framework in Frameworks */ = {isa = PBXBuildFile; fileRef = B17D16F91ADED9CB00DFE4A2 /* QuartzCore.framework */; };
		B17D16FC1ADED9D700DFE4A2 /* ImageIO.framework in Frameworks */ = {isa = PBXBuildFile; fileRef = B17D16FB1ADED9D700DFE4A2 /* ImageIO.framework */; };
		B17D16FE1ADED9E300DFE4A2 /* MessageUI.framework in Frameworks */ = {isa = PBXBuildFile; fileRef = B17D16FD1ADED9E300DFE4A2 /* MessageUI.framework */; };
		B17D17071ADEDABA00DFE4A2 /* ReaderAppDelegate.m in Sources */ = {isa = PBXBuildFile; fileRef = B17D17021ADEDABA00DFE4A2 /* ReaderAppDelegate.m */; };
		B17D17081ADEDABA00DFE4A2 /* ReaderBookDelegate.m in Sources */ = {isa = PBXBuildFile; fileRef = B17D17041ADEDABA00DFE4A2 /* ReaderBookDelegate.m */; };
		B17D17091ADEDABA00DFE4A2 /* ReaderDemoController.m in Sources */ = {isa = PBXBuildFile; fileRef = B17D17061ADEDABA00DFE4A2 /* ReaderDemoController.m */; };
		B17D17331ADEDACE00DFE4A2 /* CGPDFDocument.m in Sources */ = {isa = PBXBuildFile; fileRef = B17D170C1ADEDACE00DFE4A2 /* CGPDFDocument.m */; };
		B17D17341ADEDACE00DFE4A2 /* ReaderConstants.m in Sources */ = {isa = PBXBuildFile; fileRef = B17D170E1ADEDACE00DFE4A2 /* ReaderConstants.m */; };
		B17D17351ADEDACE00DFE4A2 /* ReaderContentPage.m in Sources */ = {isa = PBXBuildFile; fileRef = B17D17101ADEDACE00DFE4A2 /* ReaderContentPage.m */; };
		B17D17361ADEDACE00DFE4A2 /* ReaderContentTile.m in Sources */ = {isa = PBXBuildFile; fileRef = B17D17121ADEDACE00DFE4A2 /* ReaderContentTile.m */; };
		B17D17371ADEDACE00DFE4A2 /* ReaderContentView.m in Sources */ = {isa = PBXBuildFile; fileRef = B17D17141ADEDACE00DFE4A2 /* ReaderContentView.m */; };
		B17D17381ADEDACE00DFE4A2 /* ReaderDocument.m in Sources */ = {isa = PBXBuildFile; fileRef = B17D17161ADEDACE00DFE4A2 /* ReaderDocument.m */; };
		B17D17391ADEDACE00DFE4A2 /* ReaderDocumentOutline.m in Sources */ = {isa = PBXBuildFile; fileRef = B17D17181ADEDACE00DFE4A2 /* ReaderDocumentOutline.m */; };
		B17D173A1ADEDACE00DFE4A2 /* ReaderMainPagebar.m in Sources */ = {isa = PBXBuildFile; fileRef = B17D171A1ADEDACE00DFE4A2 /* ReaderMainPagebar.m */; };
		B17D173B1ADEDACE00DFE4A2 /* ReaderMainToolbar.m in Sources */ = {isa = PBXBuildFile; fileRef = B17D171C1ADEDACE00DFE4A2 /* ReaderMainToolbar.m */; };
		B17D173C1ADEDACE00DFE4A2 /* ReaderThumbCache.m in Sources */ = {isa = PBXBuildFile; fileRef = B17D171E1ADEDACE00DFE4A2 /* ReaderThumbCache.m */; };
		B17D173D1ADEDACE00DFE4A2 /* ReaderThumbFetch.m in Sources */ = {isa = PBXBuildFile; fileRef = B17D17201ADEDACE00DFE4A2 /* ReaderThumbFetch.m */; };
		B17D173E1ADEDACE00DFE4A2 /* ReaderThumbQueue.m in Sources */ = {isa = PBXBuildFile; fileRef = B17D17221ADEDACE00DFE4A2 /* ReaderThumbQueue.m */; };
		B17D173F1ADEDACE00DFE4A2 /* ReaderThumbRender.m in Sources */ = {isa = PBXBuildFile; fileRef = B17D17241ADEDACE00DFE4A2 /* ReaderThumbRender.m */; };
		B17D17401ADEDACE00DFE4A2 /* ReaderThumbRequest.m in Sources */ = {isa = PBXBuildFile; fileRef = B17D17261ADEDACE00DFE4A2 /* ReaderThumbRequest.m */; };
		B17D17411ADEDACE00DFE4A2 /* ReaderThumbsView.m in Sources */ = {isa = PBXBuildFile; fileRef = B17D17281ADEDACE00DFE4A2 /* ReaderThumbsView.m */; };
		B17D17421ADEDACE00DFE4A2 /* ReaderThumbView.m in Sources */ = {isa = PBXBuildFile; fileRef = B17D172A1ADEDACE00DFE4A2 /* ReaderThumbView.m */; };
		B17D17431ADEDACE00DFE4A2 /* ReaderViewController.m in Sources */ = {isa = PBXBuildFile; fileRef = B17D172C1ADEDACE00DFE4A2 /* ReaderViewController.m */; };
		B17D17441ADEDACE00DFE4A2 /* ThumbsMainToolbar.m in Sources */ = {isa = PBXBuildFile; fileRef = B17D172E1ADEDACE00DFE4A2 /* ThumbsMainToolbar.m */; };
		B17D17451ADEDACE00DFE4A2 /* ThumbsViewController.m in Sources */ = {isa = PBXBuildFile; fileRef = B17D17301ADEDACE00DFE4A2 /* ThumbsViewController.m */; };
		B17D17461ADEDACE00DFE4A2 /* UIXToolbarView.m in Sources */ = {isa = PBXBuildFile; fileRef = B17D17321ADEDACE00DFE4A2 /* UIXToolbarView.m */; };
		B17D17631ADEDB2600DFE4A2 /* AppIcon-057.png in Resources */ = {isa = PBXBuildFile; fileRef = B17D17481ADEDB2600DFE4A2 /* AppIcon-057.png */; };
		B17D17641ADEDB2600DFE4A2 /* AppIcon-072.png in Resources */ = {isa = PBXBuildFile; fileRef = B17D17491ADEDB2600DFE4A2 /* AppIcon-072.png */; };
		B17D17651ADEDB2600DFE4A2 /* AppIcon-076.png in Resources */ = {isa = PBXBuildFile; fileRef = B17D174A1ADEDB2600DFE4A2 /* AppIcon-076.png */; };
		B17D17661ADEDB2600DFE4A2 /* AppIcon-114.png in Resources */ = {isa = PBXBuildFile; fileRef = B17D174B1ADEDB2600DFE4A2 /* AppIcon-114.png */; };
		B17D17671ADEDB2600DFE4A2 /* AppIcon-120.png in Resources */ = {isa = PBXBuildFile; fileRef = B17D174C1ADEDB2600DFE4A2 /* AppIcon-120.png */; };
		B17D17681ADEDB2600DFE4A2 /* AppIcon-144.png in Resources */ = {isa = PBXBuildFile; fileRef = B17D174D1ADEDB2600DFE4A2 /* AppIcon-144.png */; };
		B17D17691ADEDB2600DFE4A2 /* AppIcon-152.png in Resources */ = {isa = PBXBuildFile; fileRef = B17D174E1ADEDB2600DFE4A2 /* AppIcon-152.png */; };
		B17D176A1ADEDB2600DFE4A2 /* AppIcon-180.png in Resources */ = {isa = PBXBuildFile; fileRef = B17D174F1ADEDB2600DFE4A2 /* AppIcon-180.png */; };
		B17D176B1ADEDB2600DFE4A2 /* Default-568h@2x.png in Resources */ = {isa = PBXBuildFile; fileRef = B17D17501ADEDB2600DFE4A2 /* Default-568h@2x.png */; };
		B17D176C1ADEDB2600DFE4A2 /* Default-667h@2x.png in Resources */ = {isa = PBXBuildFile; fileRef = B17D17511ADEDB2600DFE4A2 /* Default-667h@2x.png */; };
		B17D176D1ADEDB2600DFE4A2 /* Default-736h@3x.png in Resources */ = {isa = PBXBuildFile; fileRef = B17D17521ADEDB2600DFE4A2 /* Default-736h@3x.png */; };
		B17D176E1ADEDB2600DFE4A2 /* Reader-Button-H.png in Resources */ = {isa = PBXBuildFile; fileRef = B17D17531ADEDB2600DFE4A2 /* Reader-Button-H.png */; };
		B17D176F1ADEDB2600DFE4A2 /* Reader-Button-H@2x.png in Resources */ = {isa = PBXBuildFile; fileRef = B17D17541ADEDB2600DFE4A2 /* Reader-Button-H@2x.png */; };
		B17D17701ADEDB2600DFE4A2 /* Reader-Button-N.png in Resources */ = {isa = PBXBuildFile; fileRef = B17D17551ADEDB2600DFE4A2 /* Reader-Button-N.png */; };
		B17D17711ADEDB2600DFE4A2 /* Reader-Button-N@2x.png in Resources */ = {isa = PBXBuildFile; fileRef = B17D17561ADEDB2600DFE4A2 /* Reader-Button-N@2x.png */; };
		B17D17721ADEDB2600DFE4A2 /* Reader-Email.png in Resources */ = {isa = PBXBuildFile; fileRef = B17D17571ADEDB2600DFE4A2 /* Reader-Email.png */; };
		B17D17731ADEDB2600DFE4A2 /* Reader-Email@2x.png in Resources */ = {isa = PBXBuildFile; fileRef = B17D17581ADEDB2600DFE4A2 /* Reader-Email@2x.png */; };
		B17D17741ADEDB2600DFE4A2 /* Reader-Export.png in Resources */ = {isa = PBXBuildFile; fileRef = B17D17591ADEDB2600DFE4A2 /* Reader-Export.png */; };
		B17D17751ADEDB2600DFE4A2 /* Reader-Export@2x.png in Resources */ = {isa = PBXBuildFile; fileRef = B17D175A1ADEDB2600DFE4A2 /* Reader-Export@2x.png */; };
		B17D17761ADEDB2600DFE4A2 /* Reader-Mark-N.png in Resources */ = {isa = PBXBuildFile; fileRef = B17D175B1ADEDB2600DFE4A2 /* Reader-Mark-N.png */; };
		B17D17771ADEDB2600DFE4A2 /* Reader-Mark-N@2x.png in Resources */ = {isa = PBXBuildFile; fileRef = B17D175C1ADEDB2600DFE4A2 /* Reader-Mark-N@2x.png */; };
		B17D17781ADEDB2600DFE4A2 /* Reader-Mark-Y.png in Resources */ = {isa = PBXBuildFile; fileRef = B17D175D1ADEDB2600DFE4A2 /* Reader-Mark-Y.png */; };
		B17D17791ADEDB2600DFE4A2 /* Reader-Mark-Y@2x.png in Resources */ = {isa = PBXBuildFile; fileRef = B17D175E1ADEDB2600DFE4A2 /* Reader-Mark-Y@2x.png */; };
		B17D177A1ADEDB2600DFE4A2 /* Reader-Print.png in Resources */ = {isa = PBXBuildFile; fileRef = B17D175F1ADEDB2600DFE4A2 /* Reader-Print.png */; };
		B17D177B1ADEDB2600DFE4A2 /* Reader-Print@2x.png in Resources */ = {isa = PBXBuildFile; fileRef = B17D17601ADEDB2600DFE4A2 /* Reader-Print@2x.png */; };
		B17D177C1ADEDB2600DFE4A2 /* Reader-Thumbs.png in Resources */ = {isa = PBXBuildFile; fileRef = B17D17611ADEDB2600DFE4A2 /* Reader-Thumbs.png */; };
		B17D177D1ADEDB2600DFE4A2 /* Reader-Thumbs@2x.png in Resources */ = {isa = PBXBuildFile; fileRef = B17D17621ADEDB2600DFE4A2 /* Reader-Thumbs@2x.png */; };
		B1897BC81AD9529E008D743C /* main.m in Sources */ = {isa = PBXBuildFile; fileRef = B1897BC71AD9529E008D743C /* main.m */; };
		B1897BCB1AD9529E008D743C /* AppDelegate.m in Sources */ = {isa = PBXBuildFile; fileRef = B1897BCA1AD9529E008D743C /* AppDelegate.m */; };
		B1897BD31AD9529E008D743C /* Images.xcassets in Resources */ = {isa = PBXBuildFile; fileRef = B1897BD21AD9529E008D743C /* Images.xcassets */; };
		B1897BD61AD9529E008D743C /* LaunchScreen.xib in Resources */ = {isa = PBXBuildFile; fileRef = B1897BD41AD9529E008D743C /* LaunchScreen.xib */; };
		B1897BE21AD9529E008D743C /* AdvanceHBookTests.m in Sources */ = {isa = PBXBuildFile; fileRef = B1897BE11AD9529E008D743C /* AdvanceHBookTests.m */; };
		B1897BED1AD977BD008D743C /* BookModel.xcdatamodeld in Sources */ = {isa = PBXBuildFile; fileRef = B1897BEB1AD977BD008D743C /* BookModel.xcdatamodeld */; };
		B1897BF31AD98475008D743C /* AGTCoreDataStack.m in Sources */ = {isa = PBXBuildFile; fileRef = B1897BF01AD98475008D743C /* AGTCoreDataStack.m */; };
		B1897BF91AD986D8008D743C /* MXWBaseManagedObject.m in Sources */ = {isa = PBXBuildFile; fileRef = B1897BF81AD986D8008D743C /* MXWBaseManagedObject.m */; };
		B1897C041AD989FD008D743C /* _MXWAuthor.m in Sources */ = {isa = PBXBuildFile; fileRef = B1897BFB1AD989FD008D743C /* _MXWAuthor.m */; };
		B1897C051AD989FD008D743C /* _MXWBook.m in Sources */ = {isa = PBXBuildFile; fileRef = B1897BFD1AD989FD008D743C /* _MXWBook.m */; };
		B1897C061AD989FD008D743C /* _MXWGender.m in Sources */ = {isa = PBXBuildFile; fileRef = B1897BFF1AD989FD008D743C /* _MXWGender.m */; };
		B1897C071AD989FD008D743C /* _MXWNote.m in Sources */ = {isa = PBXBuildFile; fileRef = B1897C011AD989FD008D743C /* _MXWNote.m */; };
		B1897C081AD989FD008D743C /* _MXWTag.m in Sources */ = {isa = PBXBuildFile; fileRef = B1897C031AD989FD008D743C /* _MXWTag.m */; };
		B1897C0C1AD98A2B008D743C /* MXWAuthor.m in Sources */ = {isa = PBXBuildFile; fileRef = B1897C0B1AD98A2B008D743C /* MXWAuthor.m */; };
		B1897C151AD98A46008D743C /* MXWBook.m in Sources */ = {isa = PBXBuildFile; fileRef = B1897C0E1AD98A46008D743C /* MXWBook.m */; };
		B1897C161AD98A46008D743C /* MXWGender.m in Sources */ = {isa = PBXBuildFile; fileRef = B1897C101AD98A46008D743C /* MXWGender.m */; };
		B1897C171AD98A46008D743C /* MXWNote.m in Sources */ = {isa = PBXBuildFile; fileRef = B1897C121AD98A46008D743C /* MXWNote.m */; };
		B1897C181AD98A46008D743C /* MXWTag.m in Sources */ = {isa = PBXBuildFile; fileRef = B1897C141AD98A46008D743C /* MXWTag.m */; };
		B1897C1B1AD99724008D743C /* Book_placeholder.png in Resources */ = {isa = PBXBuildFile; fileRef = B1897C1A1AD99724008D743C /* Book_placeholder.png */; };
		B1897C1F1AD9C245008D743C /* MXWLibraryMng.m in Sources */ = {isa = PBXBuildFile; fileRef = B1897C1E1AD9C245008D743C /* MXWLibraryMng.m */; };
		B1907B4C1AE3E637004A2E95 /* UISplitViewController+MXWCategoryViewController.m in Sources */ = {isa = PBXBuildFile; fileRef = B1907B4B1AE3E637004A2E95 /* UISplitViewController+MXWCategoryViewController.m */; };
		B1ABB2061AE0595C00AA7CA0 /* MXWNotesCollectionViewController.m in Sources */ = {isa = PBXBuildFile; fileRef = B1ABB2051AE0595C00AA7CA0 /* MXWNotesCollectionViewController.m */; };
		B1B979BF1ADC69CC00A3D5D8 /* MXWBookViewController.m in Sources */ = {isa = PBXBuildFile; fileRef = B1B979BD1ADC69CC00A3D5D8 /* MXWBookViewController.m */; };
		B1B979C01ADC69CC00A3D5D8 /* MXWBookViewController.xib in Resources */ = {isa = PBXBuildFile; fileRef = B1B979BE1ADC69CC00A3D5D8 /* MXWBookViewController.xib */; };
		B1B979C21ADC738800A3D5D8 /* TheEnd.jpg in Resources */ = {isa = PBXBuildFile; fileRef = B1B979C11ADC738800A3D5D8 /* TheEnd.jpg */; };
		B1B979C51ADC77FA00A3D5D8 /* starDOWN.png in Resources */ = {isa = PBXBuildFile; fileRef = B1B979C31ADC77FA00A3D5D8 /* starDOWN.png */; };
		B1B979C61ADC77FA00A3D5D8 /* starUP.png in Resources */ = {isa = PBXBuildFile; fileRef = B1B979C41ADC77FA00A3D5D8 /* starUP.png */; };
		B1B979CA1ADC7C5600A3D5D8 /* pdf.gif in Resources */ = {isa = PBXBuildFile; fileRef = B1B979C71ADC7C5600A3D5D8 /* pdf.gif */; };
		B1B979CB1ADC7C5600A3D5D8 /* pdfdownload.png in Resources */ = {isa = PBXBuildFile; fileRef = B1B979C81ADC7C5600A3D5D8 /* pdfdownload.png */; };
		B1B979CC1ADC7C5600A3D5D8 /* pdfdownloading.gif in Resources */ = {isa = PBXBuildFile; fileRef = B1B979C91ADC7C5600A3D5D8 /* pdfdownloading.gif */; };
/* End PBXBuildFile section */

/* Begin PBXContainerItemProxy section */
		B1897BDC1AD9529E008D743C /* PBXContainerItemProxy */ = {
			isa = PBXContainerItemProxy;
			containerPortal = B1897BBA1AD9529E008D743C /* Project object */;
			proxyType = 1;
			remoteGlobalIDString = B1897BC11AD9529E008D743C;
			remoteInfo = AdvanceHBook;
		};
/* End PBXContainerItemProxy section */

/* Begin PBXFileReference section */
		B152F5D81ADA65910019FFFB /* MXWLibraryViewController.h */ = {isa = PBXFileReference; fileEncoding = 4; lastKnownFileType = sourcecode.c.h; path = MXWLibraryViewController.h; sourceTree = "<group>"; };
		B152F5D91ADA65910019FFFB /* MXWLibraryViewController.m */ = {isa = PBXFileReference; fileEncoding = 4; lastKnownFileType = sourcecode.c.objc; path = MXWLibraryViewController.m; sourceTree = "<group>"; };
		B152F5DB1ADAA37D0019FFFB /* MXWCoreDataTableViewController.h */ = {isa = PBXFileReference; fileEncoding = 4; lastKnownFileType = sourcecode.c.h; path = MXWCoreDataTableViewController.h; sourceTree = "<group>"; };
		B152F5DC1ADAA37D0019FFFB /* MXWCoreDataTableViewController.m */ = {isa = PBXFileReference; fileEncoding = 4; lastKnownFileType = sourcecode.c.objc; path = MXWCoreDataTableViewController.m; sourceTree = "<group>"; };
		B1740D371AE2B13B000ECB0F /* MXWNoteCollectionViewCell.xib */ = {isa = PBXFileReference; fileEncoding = 4; lastKnownFileType = file.xib; path = MXWNoteCollectionViewCell.xib; sourceTree = "<group>"; };
		B1740D391AE2B2AB000ECB0F /* post-it-198796-m.jpg */ = {isa = PBXFileReference; lastKnownFileType = image.jpeg; name = "post-it-198796-m.jpg"; path = "../../../post-it-198796-m.jpg"; sourceTree = "<group>"; };
		B1740D3E1AE2B663000ECB0F /* MXWNoteCollectionViewCell.h */ = {isa = PBXFileReference; fileEncoding = 4; lastKnownFileType = sourcecode.c.h; path = MXWNoteCollectionViewCell.h; sourceTree = "<group>"; };
		B1740D3F1AE2B663000ECB0F /* MXWNoteCollectionViewCell.m */ = {isa = PBXFileReference; fileEncoding = 4; lastKnownFileType = sourcecode.c.objc; path = MXWNoteCollectionViewCell.m; sourceTree = "<group>"; };
		B1740D441AE2B926000ECB0F /* AGTCoreDataCollectionViewController.h */ = {isa = PBXFileReference; fileEncoding = 4; lastKnownFileType = sourcecode.c.h; path = AGTCoreDataCollectionViewController.h; sourceTree = "<group>"; };
		B1740D451AE2B926000ECB0F /* AGTCoreDataCollectionViewController.m */ = {isa = PBXFileReference; fileEncoding = 4; lastKnownFileType = sourcecode.c.objc; path = AGTCoreDataCollectionViewController.m; sourceTree = "<group>"; };
		B17D16F91ADED9CB00DFE4A2 /* QuartzCore.framework */ = {isa = PBXFileReference; lastKnownFileType = wrapper.framework; name = QuartzCore.framework; path = System/Library/Frameworks/QuartzCore.framework; sourceTree = SDKROOT; };
		B17D16FB1ADED9D700DFE4A2 /* ImageIO.framework */ = {isa = PBXFileReference; lastKnownFileType = wrapper.framework; name = ImageIO.framework; path = System/Library/Frameworks/ImageIO.framework; sourceTree = SDKROOT; };
		B17D16FD1ADED9E300DFE4A2 /* MessageUI.framework */ = {isa = PBXFileReference; lastKnownFileType = wrapper.framework; name = MessageUI.framework; path = System/Library/Frameworks/MessageUI.framework; sourceTree = SDKROOT; };
		B17D17011ADEDABA00DFE4A2 /* ReaderAppDelegate.h */ = {isa = PBXFileReference; fileEncoding = 4; lastKnownFileType = sourcecode.c.h; path = ReaderAppDelegate.h; sourceTree = "<group>"; };
		B17D17021ADEDABA00DFE4A2 /* ReaderAppDelegate.m */ = {isa = PBXFileReference; fileEncoding = 4; lastKnownFileType = sourcecode.c.objc; path = ReaderAppDelegate.m; sourceTree = "<group>"; };
		B17D17031ADEDABA00DFE4A2 /* ReaderBookDelegate.h */ = {isa = PBXFileReference; fileEncoding = 4; lastKnownFileType = sourcecode.c.h; path = ReaderBookDelegate.h; sourceTree = "<group>"; };
		B17D17041ADEDABA00DFE4A2 /* ReaderBookDelegate.m */ = {isa = PBXFileReference; fileEncoding = 4; lastKnownFileType = sourcecode.c.objc; path = ReaderBookDelegate.m; sourceTree = "<group>"; };
		B17D17051ADEDABA00DFE4A2 /* ReaderDemoController.h */ = {isa = PBXFileReference; fileEncoding = 4; lastKnownFileType = sourcecode.c.h; path = ReaderDemoController.h; sourceTree = "<group>"; };
		B17D17061ADEDABA00DFE4A2 /* ReaderDemoController.m */ = {isa = PBXFileReference; fileEncoding = 4; lastKnownFileType = sourcecode.c.objc; path = ReaderDemoController.m; sourceTree = "<group>"; };
		B17D170B1ADEDACE00DFE4A2 /* CGPDFDocument.h */ = {isa = PBXFileReference; fileEncoding = 4; lastKnownFileType = sourcecode.c.h; path = CGPDFDocument.h; sourceTree = "<group>"; };
		B17D170C1ADEDACE00DFE4A2 /* CGPDFDocument.m */ = {isa = PBXFileReference; fileEncoding = 4; lastKnownFileType = sourcecode.c.objc; path = CGPDFDocument.m; sourceTree = "<group>"; };
		B17D170D1ADEDACE00DFE4A2 /* ReaderConstants.h */ = {isa = PBXFileReference; fileEncoding = 4; lastKnownFileType = sourcecode.c.h; path = ReaderConstants.h; sourceTree = "<group>"; };
		B17D170E1ADEDACE00DFE4A2 /* ReaderConstants.m */ = {isa = PBXFileReference; fileEncoding = 4; lastKnownFileType = sourcecode.c.objc; path = ReaderConstants.m; sourceTree = "<group>"; };
		B17D170F1ADEDACE00DFE4A2 /* ReaderContentPage.h */ = {isa = PBXFileReference; fileEncoding = 4; lastKnownFileType = sourcecode.c.h; path = ReaderContentPage.h; sourceTree = "<group>"; };
		B17D17101ADEDACE00DFE4A2 /* ReaderContentPage.m */ = {isa = PBXFileReference; fileEncoding = 4; lastKnownFileType = sourcecode.c.objc; path = ReaderContentPage.m; sourceTree = "<group>"; };
		B17D17111ADEDACE00DFE4A2 /* ReaderContentTile.h */ = {isa = PBXFileReference; fileEncoding = 4; lastKnownFileType = sourcecode.c.h; path = ReaderContentTile.h; sourceTree = "<group>"; };
		B17D17121ADEDACE00DFE4A2 /* ReaderContentTile.m */ = {isa = PBXFileReference; fileEncoding = 4; lastKnownFileType = sourcecode.c.objc; path = ReaderContentTile.m; sourceTree = "<group>"; };
		B17D17131ADEDACE00DFE4A2 /* ReaderContentView.h */ = {isa = PBXFileReference; fileEncoding = 4; lastKnownFileType = sourcecode.c.h; path = ReaderContentView.h; sourceTree = "<group>"; };
		B17D17141ADEDACE00DFE4A2 /* ReaderContentView.m */ = {isa = PBXFileReference; fileEncoding = 4; lastKnownFileType = sourcecode.c.objc; path = ReaderContentView.m; sourceTree = "<group>"; };
		B17D17151ADEDACE00DFE4A2 /* ReaderDocument.h */ = {isa = PBXFileReference; fileEncoding = 4; lastKnownFileType = sourcecode.c.h; path = ReaderDocument.h; sourceTree = "<group>"; };
		B17D17161ADEDACE00DFE4A2 /* ReaderDocument.m */ = {isa = PBXFileReference; fileEncoding = 4; lastKnownFileType = sourcecode.c.objc; path = ReaderDocument.m; sourceTree = "<group>"; };
		B17D17171ADEDACE00DFE4A2 /* ReaderDocumentOutline.h */ = {isa = PBXFileReference; fileEncoding = 4; lastKnownFileType = sourcecode.c.h; path = ReaderDocumentOutline.h; sourceTree = "<group>"; };
		B17D17181ADEDACE00DFE4A2 /* ReaderDocumentOutline.m */ = {isa = PBXFileReference; fileEncoding = 4; lastKnownFileType = sourcecode.c.objc; path = ReaderDocumentOutline.m; sourceTree = "<group>"; };
		B17D17191ADEDACE00DFE4A2 /* ReaderMainPagebar.h */ = {isa = PBXFileReference; fileEncoding = 4; lastKnownFileType = sourcecode.c.h; path = ReaderMainPagebar.h; sourceTree = "<group>"; };
		B17D171A1ADEDACE00DFE4A2 /* ReaderMainPagebar.m */ = {isa = PBXFileReference; fileEncoding = 4; lastKnownFileType = sourcecode.c.objc; path = ReaderMainPagebar.m; sourceTree = "<group>"; };
		B17D171B1ADEDACE00DFE4A2 /* ReaderMainToolbar.h */ = {isa = PBXFileReference; fileEncoding = 4; lastKnownFileType = sourcecode.c.h; path = ReaderMainToolbar.h; sourceTree = "<group>"; };
		B17D171C1ADEDACE00DFE4A2 /* ReaderMainToolbar.m */ = {isa = PBXFileReference; fileEncoding = 4; lastKnownFileType = sourcecode.c.objc; path = ReaderMainToolbar.m; sourceTree = "<group>"; };
		B17D171D1ADEDACE00DFE4A2 /* ReaderThumbCache.h */ = {isa = PBXFileReference; fileEncoding = 4; lastKnownFileType = sourcecode.c.h; path = ReaderThumbCache.h; sourceTree = "<group>"; };
		B17D171E1ADEDACE00DFE4A2 /* ReaderThumbCache.m */ = {isa = PBXFileReference; fileEncoding = 4; lastKnownFileType = sourcecode.c.objc; path = ReaderThumbCache.m; sourceTree = "<group>"; };
		B17D171F1ADEDACE00DFE4A2 /* ReaderThumbFetch.h */ = {isa = PBXFileReference; fileEncoding = 4; lastKnownFileType = sourcecode.c.h; path = ReaderThumbFetch.h; sourceTree = "<group>"; };
		B17D17201ADEDACE00DFE4A2 /* ReaderThumbFetch.m */ = {isa = PBXFileReference; fileEncoding = 4; lastKnownFileType = sourcecode.c.objc; path = ReaderThumbFetch.m; sourceTree = "<group>"; };
		B17D17211ADEDACE00DFE4A2 /* ReaderThumbQueue.h */ = {isa = PBXFileReference; fileEncoding = 4; lastKnownFileType = sourcecode.c.h; path = ReaderThumbQueue.h; sourceTree = "<group>"; };
		B17D17221ADEDACE00DFE4A2 /* ReaderThumbQueue.m */ = {isa = PBXFileReference; fileEncoding = 4; lastKnownFileType = sourcecode.c.objc; path = ReaderThumbQueue.m; sourceTree = "<group>"; };
		B17D17231ADEDACE00DFE4A2 /* ReaderThumbRender.h */ = {isa = PBXFileReference; fileEncoding = 4; lastKnownFileType = sourcecode.c.h; path = ReaderThumbRender.h; sourceTree = "<group>"; };
		B17D17241ADEDACE00DFE4A2 /* ReaderThumbRender.m */ = {isa = PBXFileReference; fileEncoding = 4; lastKnownFileType = sourcecode.c.objc; path = ReaderThumbRender.m; sourceTree = "<group>"; };
		B17D17251ADEDACE00DFE4A2 /* ReaderThumbRequest.h */ = {isa = PBXFileReference; fileEncoding = 4; lastKnownFileType = sourcecode.c.h; path = ReaderThumbRequest.h; sourceTree = "<group>"; };
		B17D17261ADEDACE00DFE4A2 /* ReaderThumbRequest.m */ = {isa = PBXFileReference; fileEncoding = 4; lastKnownFileType = sourcecode.c.objc; path = ReaderThumbRequest.m; sourceTree = "<group>"; };
		B17D17271ADEDACE00DFE4A2 /* ReaderThumbsView.h */ = {isa = PBXFileReference; fileEncoding = 4; lastKnownFileType = sourcecode.c.h; path = ReaderThumbsView.h; sourceTree = "<group>"; };
		B17D17281ADEDACE00DFE4A2 /* ReaderThumbsView.m */ = {isa = PBXFileReference; fileEncoding = 4; lastKnownFileType = sourcecode.c.objc; path = ReaderThumbsView.m; sourceTree = "<group>"; };
		B17D17291ADEDACE00DFE4A2 /* ReaderThumbView.h */ = {isa = PBXFileReference; fileEncoding = 4; lastKnownFileType = sourcecode.c.h; path = ReaderThumbView.h; sourceTree = "<group>"; };
		B17D172A1ADEDACE00DFE4A2 /* ReaderThumbView.m */ = {isa = PBXFileReference; fileEncoding = 4; lastKnownFileType = sourcecode.c.objc; path = ReaderThumbView.m; sourceTree = "<group>"; };
		B17D172B1ADEDACE00DFE4A2 /* ReaderViewController.h */ = {isa = PBXFileReference; fileEncoding = 4; lastKnownFileType = sourcecode.c.h; path = ReaderViewController.h; sourceTree = "<group>"; };
		B17D172C1ADEDACE00DFE4A2 /* ReaderViewController.m */ = {isa = PBXFileReference; fileEncoding = 4; lastKnownFileType = sourcecode.c.objc; path = ReaderViewController.m; sourceTree = "<group>"; };
		B17D172D1ADEDACE00DFE4A2 /* ThumbsMainToolbar.h */ = {isa = PBXFileReference; fileEncoding = 4; lastKnownFileType = sourcecode.c.h; path = ThumbsMainToolbar.h; sourceTree = "<group>"; };
		B17D172E1ADEDACE00DFE4A2 /* ThumbsMainToolbar.m */ = {isa = PBXFileReference; fileEncoding = 4; lastKnownFileType = sourcecode.c.objc; path = ThumbsMainToolbar.m; sourceTree = "<group>"; };
		B17D172F1ADEDACE00DFE4A2 /* ThumbsViewController.h */ = {isa = PBXFileReference; fileEncoding = 4; lastKnownFileType = sourcecode.c.h; path = ThumbsViewController.h; sourceTree = "<group>"; };
		B17D17301ADEDACE00DFE4A2 /* ThumbsViewController.m */ = {isa = PBXFileReference; fileEncoding = 4; lastKnownFileType = sourcecode.c.objc; path = ThumbsViewController.m; sourceTree = "<group>"; };
		B17D17311ADEDACE00DFE4A2 /* UIXToolbarView.h */ = {isa = PBXFileReference; fileEncoding = 4; lastKnownFileType = sourcecode.c.h; path = UIXToolbarView.h; sourceTree = "<group>"; };
		B17D17321ADEDACE00DFE4A2 /* UIXToolbarView.m */ = {isa = PBXFileReference; fileEncoding = 4; lastKnownFileType = sourcecode.c.objc; path = UIXToolbarView.m; sourceTree = "<group>"; };
		B17D17481ADEDB2600DFE4A2 /* AppIcon-057.png */ = {isa = PBXFileReference; lastKnownFileType = image.png; path = "AppIcon-057.png"; sourceTree = "<group>"; };
		B17D17491ADEDB2600DFE4A2 /* AppIcon-072.png */ = {isa = PBXFileReference; lastKnownFileType = image.png; path = "AppIcon-072.png"; sourceTree = "<group>"; };
		B17D174A1ADEDB2600DFE4A2 /* AppIcon-076.png */ = {isa = PBXFileReference; lastKnownFileType = image.png; path = "AppIcon-076.png"; sourceTree = "<group>"; };
		B17D174B1ADEDB2600DFE4A2 /* AppIcon-114.png */ = {isa = PBXFileReference; lastKnownFileType = image.png; path = "AppIcon-114.png"; sourceTree = "<group>"; };
		B17D174C1ADEDB2600DFE4A2 /* AppIcon-120.png */ = {isa = PBXFileReference; lastKnownFileType = image.png; path = "AppIcon-120.png"; sourceTree = "<group>"; };
		B17D174D1ADEDB2600DFE4A2 /* AppIcon-144.png */ = {isa = PBXFileReference; lastKnownFileType = image.png; path = "AppIcon-144.png"; sourceTree = "<group>"; };
		B17D174E1ADEDB2600DFE4A2 /* AppIcon-152.png */ = {isa = PBXFileReference; lastKnownFileType = image.png; path = "AppIcon-152.png"; sourceTree = "<group>"; };
		B17D174F1ADEDB2600DFE4A2 /* AppIcon-180.png */ = {isa = PBXFileReference; lastKnownFileType = image.png; path = "AppIcon-180.png"; sourceTree = "<group>"; };
		B17D17501ADEDB2600DFE4A2 /* Default-568h@2x.png */ = {isa = PBXFileReference; lastKnownFileType = image.png; path = "Default-568h@2x.png"; sourceTree = "<group>"; };
		B17D17511ADEDB2600DFE4A2 /* Default-667h@2x.png */ = {isa = PBXFileReference; lastKnownFileType = image.png; path = "Default-667h@2x.png"; sourceTree = "<group>"; };
		B17D17521ADEDB2600DFE4A2 /* Default-736h@3x.png */ = {isa = PBXFileReference; lastKnownFileType = image.png; path = "Default-736h@3x.png"; sourceTree = "<group>"; };
		B17D17531ADEDB2600DFE4A2 /* Reader-Button-H.png */ = {isa = PBXFileReference; lastKnownFileType = image.png; path = "Reader-Button-H.png"; sourceTree = "<group>"; };
		B17D17541ADEDB2600DFE4A2 /* Reader-Button-H@2x.png */ = {isa = PBXFileReference; lastKnownFileType = image.png; path = "Reader-Button-H@2x.png"; sourceTree = "<group>"; };
		B17D17551ADEDB2600DFE4A2 /* Reader-Button-N.png */ = {isa = PBXFileReference; lastKnownFileType = image.png; path = "Reader-Button-N.png"; sourceTree = "<group>"; };
		B17D17561ADEDB2600DFE4A2 /* Reader-Button-N@2x.png */ = {isa = PBXFileReference; lastKnownFileType = image.png; path = "Reader-Button-N@2x.png"; sourceTree = "<group>"; };
		B17D17571ADEDB2600DFE4A2 /* Reader-Email.png */ = {isa = PBXFileReference; lastKnownFileType = image.png; path = "Reader-Email.png"; sourceTree = "<group>"; };
		B17D17581ADEDB2600DFE4A2 /* Reader-Email@2x.png */ = {isa = PBXFileReference; lastKnownFileType = image.png; path = "Reader-Email@2x.png"; sourceTree = "<group>"; };
		B17D17591ADEDB2600DFE4A2 /* Reader-Export.png */ = {isa = PBXFileReference; lastKnownFileType = image.png; path = "Reader-Export.png"; sourceTree = "<group>"; };
		B17D175A1ADEDB2600DFE4A2 /* Reader-Export@2x.png */ = {isa = PBXFileReference; lastKnownFileType = image.png; path = "Reader-Export@2x.png"; sourceTree = "<group>"; };
		B17D175B1ADEDB2600DFE4A2 /* Reader-Mark-N.png */ = {isa = PBXFileReference; lastKnownFileType = image.png; path = "Reader-Mark-N.png"; sourceTree = "<group>"; };
		B17D175C1ADEDB2600DFE4A2 /* Reader-Mark-N@2x.png */ = {isa = PBXFileReference; lastKnownFileType = image.png; path = "Reader-Mark-N@2x.png"; sourceTree = "<group>"; };
		B17D175D1ADEDB2600DFE4A2 /* Reader-Mark-Y.png */ = {isa = PBXFileReference; lastKnownFileType = image.png; path = "Reader-Mark-Y.png"; sourceTree = "<group>"; };
		B17D175E1ADEDB2600DFE4A2 /* Reader-Mark-Y@2x.png */ = {isa = PBXFileReference; lastKnownFileType = image.png; path = "Reader-Mark-Y@2x.png"; sourceTree = "<group>"; };
		B17D175F1ADEDB2600DFE4A2 /* Reader-Print.png */ = {isa = PBXFileReference; lastKnownFileType = image.png; path = "Reader-Print.png"; sourceTree = "<group>"; };
		B17D17601ADEDB2600DFE4A2 /* Reader-Print@2x.png */ = {isa = PBXFileReference; lastKnownFileType = image.png; path = "Reader-Print@2x.png"; sourceTree = "<group>"; };
		B17D17611ADEDB2600DFE4A2 /* Reader-Thumbs.png */ = {isa = PBXFileReference; lastKnownFileType = image.png; path = "Reader-Thumbs.png"; sourceTree = "<group>"; };
		B17D17621ADEDB2600DFE4A2 /* Reader-Thumbs@2x.png */ = {isa = PBXFileReference; lastKnownFileType = image.png; path = "Reader-Thumbs@2x.png"; sourceTree = "<group>"; };
		B1897BC21AD9529E008D743C /* AdvanceHBook.app */ = {isa = PBXFileReference; explicitFileType = wrapper.application; includeInIndex = 0; path = AdvanceHBook.app; sourceTree = BUILT_PRODUCTS_DIR; };
		B1897BC61AD9529E008D743C /* Info.plist */ = {isa = PBXFileReference; lastKnownFileType = text.plist.xml; path = Info.plist; sourceTree = "<group>"; };
		B1897BC71AD9529E008D743C /* main.m */ = {isa = PBXFileReference; lastKnownFileType = sourcecode.c.objc; path = main.m; sourceTree = "<group>"; };
		B1897BC91AD9529E008D743C /* AppDelegate.h */ = {isa = PBXFileReference; lastKnownFileType = sourcecode.c.h; path = AppDelegate.h; sourceTree = "<group>"; };
		B1897BCA1AD9529E008D743C /* AppDelegate.m */ = {isa = PBXFileReference; lastKnownFileType = sourcecode.c.objc; path = AppDelegate.m; sourceTree = "<group>"; };
		B1897BD21AD9529E008D743C /* Images.xcassets */ = {isa = PBXFileReference; lastKnownFileType = folder.assetcatalog; path = Images.xcassets; sourceTree = "<group>"; };
		B1897BD51AD9529E008D743C /* Base */ = {isa = PBXFileReference; lastKnownFileType = file.xib; name = Base; path = Base.lproj/LaunchScreen.xib; sourceTree = "<group>"; };
		B1897BDB1AD9529E008D743C /* AdvanceHBookTests.xctest */ = {isa = PBXFileReference; explicitFileType = wrapper.cfbundle; includeInIndex = 0; path = AdvanceHBookTests.xctest; sourceTree = BUILT_PRODUCTS_DIR; };
		B1897BE01AD9529E008D743C /* Info.plist */ = {isa = PBXFileReference; lastKnownFileType = text.plist.xml; path = Info.plist; sourceTree = "<group>"; };
		B1897BE11AD9529E008D743C /* AdvanceHBookTests.m */ = {isa = PBXFileReference; lastKnownFileType = sourcecode.c.objc; path = AdvanceHBookTests.m; sourceTree = "<group>"; };
		B1897BEC1AD977BD008D743C /* BookModel.xcdatamodel */ = {isa = PBXFileReference; lastKnownFileType = wrapper.xcdatamodel; path = BookModel.xcdatamodel; sourceTree = "<group>"; };
		B1897BEF1AD98460008D743C /* AGTCoreDataStack.h */ = {isa = PBXFileReference; lastKnownFileType = sourcecode.c.h; path = AGTCoreDataStack.h; sourceTree = "<group>"; };
		B1897BF01AD98475008D743C /* AGTCoreDataStack.m */ = {isa = PBXFileReference; fileEncoding = 4; lastKnownFileType = sourcecode.c.objc; path = AGTCoreDataStack.m; sourceTree = "<group>"; };
		B1897BF61AD984E6008D743C /* Header.h */ = {isa = PBXFileReference; lastKnownFileType = sourcecode.c.h; path = Header.h; sourceTree = "<group>"; };
		B1897BF71AD986D8008D743C /* MXWBaseManagedObject.h */ = {isa = PBXFileReference; fileEncoding = 4; lastKnownFileType = sourcecode.c.h; path = MXWBaseManagedObject.h; sourceTree = "<group>"; };
		B1897BF81AD986D8008D743C /* MXWBaseManagedObject.m */ = {isa = PBXFileReference; fileEncoding = 4; lastKnownFileType = sourcecode.c.objc; path = MXWBaseManagedObject.m; sourceTree = "<group>"; };
		B1897BFA1AD989FD008D743C /* _MXWAuthor.h */ = {isa = PBXFileReference; fileEncoding = 4; lastKnownFileType = sourcecode.c.h; path = _MXWAuthor.h; sourceTree = "<group>"; };
		B1897BFB1AD989FD008D743C /* _MXWAuthor.m */ = {isa = PBXFileReference; fileEncoding = 4; lastKnownFileType = sourcecode.c.objc; path = _MXWAuthor.m; sourceTree = "<group>"; };
		B1897BFC1AD989FD008D743C /* _MXWBook.h */ = {isa = PBXFileReference; fileEncoding = 4; lastKnownFileType = sourcecode.c.h; path = _MXWBook.h; sourceTree = "<group>"; };
		B1897BFD1AD989FD008D743C /* _MXWBook.m */ = {isa = PBXFileReference; fileEncoding = 4; lastKnownFileType = sourcecode.c.objc; path = _MXWBook.m; sourceTree = "<group>"; };
		B1897BFE1AD989FD008D743C /* _MXWGender.h */ = {isa = PBXFileReference; fileEncoding = 4; lastKnownFileType = sourcecode.c.h; path = _MXWGender.h; sourceTree = "<group>"; };
		B1897BFF1AD989FD008D743C /* _MXWGender.m */ = {isa = PBXFileReference; fileEncoding = 4; lastKnownFileType = sourcecode.c.objc; path = _MXWGender.m; sourceTree = "<group>"; };
		B1897C001AD989FD008D743C /* _MXWNote.h */ = {isa = PBXFileReference; fileEncoding = 4; lastKnownFileType = sourcecode.c.h; path = _MXWNote.h; sourceTree = "<group>"; };
		B1897C011AD989FD008D743C /* _MXWNote.m */ = {isa = PBXFileReference; fileEncoding = 4; lastKnownFileType = sourcecode.c.objc; path = _MXWNote.m; sourceTree = "<group>"; };
		B1897C021AD989FD008D743C /* _MXWTag.h */ = {isa = PBXFileReference; fileEncoding = 4; lastKnownFileType = sourcecode.c.h; path = _MXWTag.h; sourceTree = "<group>"; };
		B1897C031AD989FD008D743C /* _MXWTag.m */ = {isa = PBXFileReference; fileEncoding = 4; lastKnownFileType = sourcecode.c.objc; path = _MXWTag.m; sourceTree = "<group>"; };
		B1897C0A1AD98A2B008D743C /* MXWAuthor.h */ = {isa = PBXFileReference; fileEncoding = 4; lastKnownFileType = sourcecode.c.h; path = MXWAuthor.h; sourceTree = "<group>"; };
		B1897C0B1AD98A2B008D743C /* MXWAuthor.m */ = {isa = PBXFileReference; fileEncoding = 4; lastKnownFileType = sourcecode.c.objc; path = MXWAuthor.m; sourceTree = "<group>"; };
		B1897C0D1AD98A46008D743C /* MXWBook.h */ = {isa = PBXFileReference; fileEncoding = 4; lastKnownFileType = sourcecode.c.h; path = MXWBook.h; sourceTree = "<group>"; };
		B1897C0E1AD98A46008D743C /* MXWBook.m */ = {isa = PBXFileReference; fileEncoding = 4; lastKnownFileType = sourcecode.c.objc; path = MXWBook.m; sourceTree = "<group>"; };
		B1897C0F1AD98A46008D743C /* MXWGender.h */ = {isa = PBXFileReference; fileEncoding = 4; lastKnownFileType = sourcecode.c.h; path = MXWGender.h; sourceTree = "<group>"; };
		B1897C101AD98A46008D743C /* MXWGender.m */ = {isa = PBXFileReference; fileEncoding = 4; lastKnownFileType = sourcecode.c.objc; path = MXWGender.m; sourceTree = "<group>"; };
		B1897C111AD98A46008D743C /* MXWNote.h */ = {isa = PBXFileReference; fileEncoding = 4; lastKnownFileType = sourcecode.c.h; path = MXWNote.h; sourceTree = "<group>"; };
		B1897C121AD98A46008D743C /* MXWNote.m */ = {isa = PBXFileReference; fileEncoding = 4; lastKnownFileType = sourcecode.c.objc; path = MXWNote.m; sourceTree = "<group>"; };
		B1897C131AD98A46008D743C /* MXWTag.h */ = {isa = PBXFileReference; fileEncoding = 4; lastKnownFileType = sourcecode.c.h; path = MXWTag.h; sourceTree = "<group>"; };
		B1897C141AD98A46008D743C /* MXWTag.m */ = {isa = PBXFileReference; fileEncoding = 4; lastKnownFileType = sourcecode.c.objc; path = MXWTag.m; sourceTree = "<group>"; };
		B1897C1A1AD99724008D743C /* Book_placeholder.png */ = {isa = PBXFileReference; lastKnownFileType = image.png; path = Book_placeholder.png; sourceTree = "<group>"; };
		B1897C1D1AD9C245008D743C /* MXWLibraryMng.h */ = {isa = PBXFileReference; fileEncoding = 4; lastKnownFileType = sourcecode.c.h; path = MXWLibraryMng.h; sourceTree = "<group>"; };
		B1897C1E1AD9C245008D743C /* MXWLibraryMng.m */ = {isa = PBXFileReference; fileEncoding = 4; lastKnownFileType = sourcecode.c.objc; path = MXWLibraryMng.m; sourceTree = "<group>"; };
		B1907B4A1AE3E637004A2E95 /* UISplitViewController+MXWCategoryViewController.h */ = {isa = PBXFileReference; fileEncoding = 4; lastKnownFileType = sourcecode.c.h; path = "UISplitViewController+MXWCategoryViewController.h"; sourceTree = "<group>"; };
		B1907B4B1AE3E637004A2E95 /* UISplitViewController+MXWCategoryViewController.m */ = {isa = PBXFileReference; fileEncoding = 4; lastKnownFileType = sourcecode.c.objc; path = "UISplitViewController+MXWCategoryViewController.m"; sourceTree = "<group>"; };
		B1ABB2041AE0595C00AA7CA0 /* MXWNotesCollectionViewController.h */ = {isa = PBXFileReference; fileEncoding = 4; lastKnownFileType = sourcecode.c.h; path = MXWNotesCollectionViewController.h; sourceTree = "<group>"; };
		B1ABB2051AE0595C00AA7CA0 /* MXWNotesCollectionViewController.m */ = {isa = PBXFileReference; fileEncoding = 4; lastKnownFileType = sourcecode.c.objc; path = MXWNotesCollectionViewController.m; sourceTree = "<group>"; };
		B1B979BC1ADC69CC00A3D5D8 /* MXWBookViewController.h */ = {isa = PBXFileReference; fileEncoding = 4; lastKnownFileType = sourcecode.c.h; path = MXWBookViewController.h; sourceTree = "<group>"; };
		B1B979BD1ADC69CC00A3D5D8 /* MXWBookViewController.m */ = {isa = PBXFileReference; fileEncoding = 4; lastKnownFileType = sourcecode.c.objc; path = MXWBookViewController.m; sourceTree = "<group>"; };
		B1B979BE1ADC69CC00A3D5D8 /* MXWBookViewController.xib */ = {isa = PBXFileReference; fileEncoding = 4; lastKnownFileType = file.xib; path = MXWBookViewController.xib; sourceTree = "<group>"; };
		B1B979C11ADC738800A3D5D8 /* TheEnd.jpg */ = {isa = PBXFileReference; lastKnownFileType = image.jpeg; path = TheEnd.jpg; sourceTree = "<group>"; };
		B1B979C31ADC77FA00A3D5D8 /* starDOWN.png */ = {isa = PBXFileReference; lastKnownFileType = image.png; path = starDOWN.png; sourceTree = "<group>"; };
		B1B979C41ADC77FA00A3D5D8 /* starUP.png */ = {isa = PBXFileReference; lastKnownFileType = image.png; path = starUP.png; sourceTree = "<group>"; };
		B1B979C71ADC7C5600A3D5D8 /* pdf.gif */ = {isa = PBXFileReference; lastKnownFileType = image.gif; path = pdf.gif; sourceTree = "<group>"; };
		B1B979C81ADC7C5600A3D5D8 /* pdfdownload.png */ = {isa = PBXFileReference; lastKnownFileType = image.png; path = pdfdownload.png; sourceTree = "<group>"; };
		B1B979C91ADC7C5600A3D5D8 /* pdfdownloading.gif */ = {isa = PBXFileReference; lastKnownFileType = image.gif; path = pdfdownloading.gif; sourceTree = "<group>"; };
/* End PBXFileReference section */

/* Begin PBXFrameworksBuildPhase section */
		B1897BBF1AD9529E008D743C /* Frameworks */ = {
			isa = PBXFrameworksBuildPhase;
			buildActionMask = 2147483647;
			files = (
				B17D16FE1ADED9E300DFE4A2 /* MessageUI.framework in Frameworks */,
				B17D16FC1ADED9D700DFE4A2 /* ImageIO.framework in Frameworks */,
				B17D16FA1ADED9CB00DFE4A2 /* QuartzCore.framework in Frameworks */,
			);
			runOnlyForDeploymentPostprocessing = 0;
		};
		B1897BD81AD9529E008D743C /* Frameworks */ = {
			isa = PBXFrameworksBuildPhase;
			buildActionMask = 2147483647;
			files = (
			);
			runOnlyForDeploymentPostprocessing = 0;
		};
/* End PBXFrameworksBuildPhase section */

/* Begin PBXGroup section */
		B17D16FF1ADEDA2E00DFE4A2 /* PDF Reader */ = {
			isa = PBXGroup;
			children = (
				B17D17471ADEDB2600DFE4A2 /* Graphics */,
				B17D170A1ADEDACE00DFE4A2 /* Sources */,
				B17D17001ADEDABA00DFE4A2 /* Classes */,
			);
			name = "PDF Reader";
			sourceTree = "<group>";
		};
		B17D17001ADEDABA00DFE4A2 /* Classes */ = {
			isa = PBXGroup;
			children = (
				B17D17011ADEDABA00DFE4A2 /* ReaderAppDelegate.h */,
				B17D17021ADEDABA00DFE4A2 /* ReaderAppDelegate.m */,
				B17D17031ADEDABA00DFE4A2 /* ReaderBookDelegate.h */,
				B17D17041ADEDABA00DFE4A2 /* ReaderBookDelegate.m */,
				B17D17051ADEDABA00DFE4A2 /* ReaderDemoController.h */,
				B17D17061ADEDABA00DFE4A2 /* ReaderDemoController.m */,
			);
			name = Classes;
			path = VCReader/Classes;
			sourceTree = SOURCE_ROOT;
		};
		B17D170A1ADEDACE00DFE4A2 /* Sources */ = {
			isa = PBXGroup;
			children = (
				B17D170B1ADEDACE00DFE4A2 /* CGPDFDocument.h */,
				B17D170C1ADEDACE00DFE4A2 /* CGPDFDocument.m */,
				B17D170D1ADEDACE00DFE4A2 /* ReaderConstants.h */,
				B17D170E1ADEDACE00DFE4A2 /* ReaderConstants.m */,
				B17D170F1ADEDACE00DFE4A2 /* ReaderContentPage.h */,
				B17D17101ADEDACE00DFE4A2 /* ReaderContentPage.m */,
				B17D17111ADEDACE00DFE4A2 /* ReaderContentTile.h */,
				B17D17121ADEDACE00DFE4A2 /* ReaderContentTile.m */,
				B17D17131ADEDACE00DFE4A2 /* ReaderContentView.h */,
				B17D17141ADEDACE00DFE4A2 /* ReaderContentView.m */,
				B17D17151ADEDACE00DFE4A2 /* ReaderDocument.h */,
				B17D17161ADEDACE00DFE4A2 /* ReaderDocument.m */,
				B17D17171ADEDACE00DFE4A2 /* ReaderDocumentOutline.h */,
				B17D17181ADEDACE00DFE4A2 /* ReaderDocumentOutline.m */,
				B17D17191ADEDACE00DFE4A2 /* ReaderMainPagebar.h */,
				B17D171A1ADEDACE00DFE4A2 /* ReaderMainPagebar.m */,
				B17D171B1ADEDACE00DFE4A2 /* ReaderMainToolbar.h */,
				B17D171C1ADEDACE00DFE4A2 /* ReaderMainToolbar.m */,
				B17D171D1ADEDACE00DFE4A2 /* ReaderThumbCache.h */,
				B17D171E1ADEDACE00DFE4A2 /* ReaderThumbCache.m */,
				B17D171F1ADEDACE00DFE4A2 /* ReaderThumbFetch.h */,
				B17D17201ADEDACE00DFE4A2 /* ReaderThumbFetch.m */,
				B17D17211ADEDACE00DFE4A2 /* ReaderThumbQueue.h */,
				B17D17221ADEDACE00DFE4A2 /* ReaderThumbQueue.m */,
				B17D17231ADEDACE00DFE4A2 /* ReaderThumbRender.h */,
				B17D17241ADEDACE00DFE4A2 /* ReaderThumbRender.m */,
				B17D17251ADEDACE00DFE4A2 /* ReaderThumbRequest.h */,
				B17D17261ADEDACE00DFE4A2 /* ReaderThumbRequest.m */,
				B17D17271ADEDACE00DFE4A2 /* ReaderThumbsView.h */,
				B17D17281ADEDACE00DFE4A2 /* ReaderThumbsView.m */,
				B17D17291ADEDACE00DFE4A2 /* ReaderThumbView.h */,
				B17D172A1ADEDACE00DFE4A2 /* ReaderThumbView.m */,
				B17D172B1ADEDACE00DFE4A2 /* ReaderViewController.h */,
				B17D172C1ADEDACE00DFE4A2 /* ReaderViewController.m */,
				B17D172D1ADEDACE00DFE4A2 /* ThumbsMainToolbar.h */,
				B17D172E1ADEDACE00DFE4A2 /* ThumbsMainToolbar.m */,
				B17D172F1ADEDACE00DFE4A2 /* ThumbsViewController.h */,
				B17D17301ADEDACE00DFE4A2 /* ThumbsViewController.m */,
				B17D17311ADEDACE00DFE4A2 /* UIXToolbarView.h */,
				B17D17321ADEDACE00DFE4A2 /* UIXToolbarView.m */,
			);
			name = Sources;
			path = VCReader/Sources;
			sourceTree = SOURCE_ROOT;
		};
		B17D17471ADEDB2600DFE4A2 /* Graphics */ = {
			isa = PBXGroup;
			children = (
				B17D17481ADEDB2600DFE4A2 /* AppIcon-057.png */,
				B17D17491ADEDB2600DFE4A2 /* AppIcon-072.png */,
				B17D174A1ADEDB2600DFE4A2 /* AppIcon-076.png */,
				B17D174B1ADEDB2600DFE4A2 /* AppIcon-114.png */,
				B17D174C1ADEDB2600DFE4A2 /* AppIcon-120.png */,
				B17D174D1ADEDB2600DFE4A2 /* AppIcon-144.png */,
				B17D174E1ADEDB2600DFE4A2 /* AppIcon-152.png */,
				B17D174F1ADEDB2600DFE4A2 /* AppIcon-180.png */,
				B17D17501ADEDB2600DFE4A2 /* Default-568h@2x.png */,
				B17D17511ADEDB2600DFE4A2 /* Default-667h@2x.png */,
				B17D17521ADEDB2600DFE4A2 /* Default-736h@3x.png */,
				B17D17531ADEDB2600DFE4A2 /* Reader-Button-H.png */,
				B17D17541ADEDB2600DFE4A2 /* Reader-Button-H@2x.png */,
				B17D17551ADEDB2600DFE4A2 /* Reader-Button-N.png */,
				B17D17561ADEDB2600DFE4A2 /* Reader-Button-N@2x.png */,
				B17D17571ADEDB2600DFE4A2 /* Reader-Email.png */,
				B17D17581ADEDB2600DFE4A2 /* Reader-Email@2x.png */,
				B17D17591ADEDB2600DFE4A2 /* Reader-Export.png */,
				B17D175A1ADEDB2600DFE4A2 /* Reader-Export@2x.png */,
				B17D175B1ADEDB2600DFE4A2 /* Reader-Mark-N.png */,
				B17D175C1ADEDB2600DFE4A2 /* Reader-Mark-N@2x.png */,
				B17D175D1ADEDB2600DFE4A2 /* Reader-Mark-Y.png */,
				B17D175E1ADEDB2600DFE4A2 /* Reader-Mark-Y@2x.png */,
				B17D175F1ADEDB2600DFE4A2 /* Reader-Print.png */,
				B17D17601ADEDB2600DFE4A2 /* Reader-Print@2x.png */,
				B17D17611ADEDB2600DFE4A2 /* Reader-Thumbs.png */,
				B17D17621ADEDB2600DFE4A2 /* Reader-Thumbs@2x.png */,
			);
			name = Graphics;
			path = VCReader/Graphics;
			sourceTree = SOURCE_ROOT;
		};
		B1897BB91AD9529E008D743C = {
			isa = PBXGroup;
			children = (
				B17D16FD1ADED9E300DFE4A2 /* MessageUI.framework */,
				B17D16FB1ADED9D700DFE4A2 /* ImageIO.framework */,
				B17D16F91ADED9CB00DFE4A2 /* QuartzCore.framework */,
				B1897BC41AD9529E008D743C /* AdvanceHBook */,
				B1897BDE1AD9529E008D743C /* AdvanceHBookTests */,
				B1897BC31AD9529E008D743C /* Products */,
			);
			sourceTree = "<group>";
		};
		B1897BC31AD9529E008D743C /* Products */ = {
			isa = PBXGroup;
			children = (
				B1897BC21AD9529E008D743C /* AdvanceHBook.app */,
				B1897BDB1AD9529E008D743C /* AdvanceHBookTests.xctest */,
			);
			name = Products;
			sourceTree = "<group>";
		};
		B1897BC41AD9529E008D743C /* AdvanceHBook */ = {
			isa = PBXGroup;
			children = (
				B1907B4D1AE3E63C004A2E95 /* Categories */,
				B17D16FF1ADEDA2E00DFE4A2 /* PDF Reader */,
				B1897BC91AD9529E008D743C /* AppDelegate.h */,
				B1897BCA1AD9529E008D743C /* AppDelegate.m */,
				B1897BF51AD9849A008D743C /* Controllers */,
				B1897BEE1AD977CD008D743C /* Model */,
				B1897BC51AD9529E008D743C /* Supporting Files */,
			);
			path = AdvanceHBook;
			sourceTree = "<group>";
		};
		B1897BC51AD9529E008D743C /* Supporting Files */ = {
			isa = PBXGroup;
			children = (
				B1897C1C1AD99729008D743C /* img */,
				B1897BD21AD9529E008D743C /* Images.xcassets */,
				B1897BD41AD9529E008D743C /* LaunchScreen.xib */,
				B1897BC61AD9529E008D743C /* Info.plist */,
				B1897BC71AD9529E008D743C /* main.m */,
				B1897BF61AD984E6008D743C /* Header.h */,
			);
			name = "Supporting Files";
			sourceTree = "<group>";
		};
		B1897BDE1AD9529E008D743C /* AdvanceHBookTests */ = {
			isa = PBXGroup;
			children = (
				B1897BE11AD9529E008D743C /* AdvanceHBookTests.m */,
				B1897BDF1AD9529E008D743C /* Supporting Files */,
			);
			path = AdvanceHBookTests;
			sourceTree = "<group>";
		};
		B1897BDF1AD9529E008D743C /* Supporting Files */ = {
			isa = PBXGroup;
			children = (
				B1897BE01AD9529E008D743C /* Info.plist */,
			);
			name = "Supporting Files";
			sourceTree = "<group>";
		};
		B1897BEE1AD977CD008D743C /* Model */ = {
			isa = PBXGroup;
			children = (
				B1897C0A1AD98A2B008D743C /* MXWAuthor.h */,
				B1897C0B1AD98A2B008D743C /* MXWAuthor.m */,
				B1897C0D1AD98A46008D743C /* MXWBook.h */,
				B1897C0E1AD98A46008D743C /* MXWBook.m */,
				B1897C0F1AD98A46008D743C /* MXWGender.h */,
				B1897C101AD98A46008D743C /* MXWGender.m */,
				B1897C111AD98A46008D743C /* MXWNote.h */,
				B1897C121AD98A46008D743C /* MXWNote.m */,
				B1897C131AD98A46008D743C /* MXWTag.h */,
				B1897C141AD98A46008D743C /* MXWTag.m */,
				B1897C1D1AD9C245008D743C /* MXWLibraryMng.h */,
				B1897C1E1AD9C245008D743C /* MXWLibraryMng.m */,
				B1897C091AD98A04008D743C /* moG */,
				B1897C191AD98A5C008D743C /* CoreData */,
			);
			name = Model;
			sourceTree = "<group>";
		};
		B1897BF51AD9849A008D743C /* Controllers */ = {
			isa = PBXGroup;
			children = (
				B152F5DB1ADAA37D0019FFFB /* MXWCoreDataTableViewController.h */,
				B152F5DC1ADAA37D0019FFFB /* MXWCoreDataTableViewController.m */,
				B1740D441AE2B926000ECB0F /* AGTCoreDataCollectionViewController.h */,
				B1740D451AE2B926000ECB0F /* AGTCoreDataCollectionViewController.m */,
				B152F5D81ADA65910019FFFB /* MXWLibraryViewController.h */,
				B152F5D91ADA65910019FFFB /* MXWLibraryViewController.m */,
				B1B979BC1ADC69CC00A3D5D8 /* MXWBookViewController.h */,
				B1B979BD1ADC69CC00A3D5D8 /* MXWBookViewController.m */,
				B1B979BE1ADC69CC00A3D5D8 /* MXWBookViewController.xib */,
				B1ABB2041AE0595C00AA7CA0 /* MXWNotesCollectionViewController.h */,
				B1ABB2051AE0595C00AA7CA0 /* MXWNotesCollectionViewController.m */,
				B1740D3E1AE2B663000ECB0F /* MXWNoteCollectionViewCell.h */,
				B1740D3F1AE2B663000ECB0F /* MXWNoteCollectionViewCell.m */,
				B1740D371AE2B13B000ECB0F /* MXWNoteCollectionViewCell.xib */,
			);
			name = Controllers;
			sourceTree = "<group>";
		};
		B1897C091AD98A04008D743C /* moG */ = {
			isa = PBXGroup;
			children = (
				B1897BFA1AD989FD008D743C /* _MXWAuthor.h */,
				B1897BFB1AD989FD008D743C /* _MXWAuthor.m */,
				B1897BFC1AD989FD008D743C /* _MXWBook.h */,
				B1897BFD1AD989FD008D743C /* _MXWBook.m */,
				B1897BFE1AD989FD008D743C /* _MXWGender.h */,
				B1897BFF1AD989FD008D743C /* _MXWGender.m */,
				B1897C001AD989FD008D743C /* _MXWNote.h */,
				B1897C011AD989FD008D743C /* _MXWNote.m */,
				B1897C021AD989FD008D743C /* _MXWTag.h */,
				B1897C031AD989FD008D743C /* _MXWTag.m */,
			);
			name = moG;
			sourceTree = "<group>";
		};
		B1897C191AD98A5C008D743C /* CoreData */ = {
			isa = PBXGroup;
			children = (
				B1897BEB1AD977BD008D743C /* BookModel.xcdatamodeld */,
				B1897BEF1AD98460008D743C /* AGTCoreDataStack.h */,
				B1897BF01AD98475008D743C /* AGTCoreDataStack.m */,
				B1897BF71AD986D8008D743C /* MXWBaseManagedObject.h */,
				B1897BF81AD986D8008D743C /* MXWBaseManagedObject.m */,
			);
			name = CoreData;
			sourceTree = "<group>";
		};
		B1897C1C1AD99729008D743C /* img */ = {
			isa = PBXGroup;
			children = (
				B1740D391AE2B2AB000ECB0F /* post-it-198796-m.jpg */,
				B1B979C71ADC7C5600A3D5D8 /* pdf.gif */,
				B1B979C81ADC7C5600A3D5D8 /* pdfdownload.png */,
				B1B979C91ADC7C5600A3D5D8 /* pdfdownloading.gif */,
				B1B979C31ADC77FA00A3D5D8 /* starDOWN.png */,
				B1B979C41ADC77FA00A3D5D8 /* starUP.png */,
				B1B979C11ADC738800A3D5D8 /* TheEnd.jpg */,
				B1897C1A1AD99724008D743C /* Book_placeholder.png */,
			);
			name = img;
			sourceTree = "<group>";
		};
		B1907B4D1AE3E63C004A2E95 /* Categories */ = {
			isa = PBXGroup;
			children = (
				B1907B4A1AE3E637004A2E95 /* UISplitViewController+MXWCategoryViewController.h */,
				B1907B4B1AE3E637004A2E95 /* UISplitViewController+MXWCategoryViewController.m */,
			);
			name = Categories;
			sourceTree = "<group>";
		};
/* End PBXGroup section */

/* Begin PBXNativeTarget section */
		B1897BC11AD9529E008D743C /* AdvanceHBook */ = {
			isa = PBXNativeTarget;
			buildConfigurationList = B1897BE51AD9529E008D743C /* Build configuration list for PBXNativeTarget "AdvanceHBook" */;
			buildPhases = (
				B1897BBE1AD9529E008D743C /* Sources */,
				B1897BBF1AD9529E008D743C /* Frameworks */,
				B1897BC01AD9529E008D743C /* Resources */,
			);
			buildRules = (
			);
			dependencies = (
			);
			name = AdvanceHBook;
			productName = AdvanceHBook;
			productReference = B1897BC21AD9529E008D743C /* AdvanceHBook.app */;
			productType = "com.apple.product-type.application";
		};
		B1897BDA1AD9529E008D743C /* AdvanceHBookTests */ = {
			isa = PBXNativeTarget;
			buildConfigurationList = B1897BE81AD9529E008D743C /* Build configuration list for PBXNativeTarget "AdvanceHBookTests" */;
			buildPhases = (
				B1897BD71AD9529E008D743C /* Sources */,
				B1897BD81AD9529E008D743C /* Frameworks */,
				B1897BD91AD9529E008D743C /* Resources */,
			);
			buildRules = (
			);
			dependencies = (
				B1897BDD1AD9529E008D743C /* PBXTargetDependency */,
			);
			name = AdvanceHBookTests;
			productName = AdvanceHBookTests;
			productReference = B1897BDB1AD9529E008D743C /* AdvanceHBookTests.xctest */;
			productType = "com.apple.product-type.bundle.unit-test";
		};
/* End PBXNativeTarget section */

/* Begin PBXProject section */
		B1897BBA1AD9529E008D743C /* Project object */ = {
			isa = PBXProject;
			attributes = {
				CLASSPREFIX = MXW;
				LastUpgradeCheck = 0630;
				ORGANIZATIONNAME = maxeiware;
				TargetAttributes = {
					B1897BC11AD9529E008D743C = {
						CreatedOnToolsVersion = 6.3;
					};
					B1897BDA1AD9529E008D743C = {
						CreatedOnToolsVersion = 6.3;
						TestTargetID = B1897BC11AD9529E008D743C;
					};
				};
			};
			buildConfigurationList = B1897BBD1AD9529E008D743C /* Build configuration list for PBXProject "AdvanceHBook" */;
			compatibilityVersion = "Xcode 3.2";
			developmentRegion = English;
			hasScannedForEncodings = 0;
			knownRegions = (
				en,
				Base,
			);
			mainGroup = B1897BB91AD9529E008D743C;
			productRefGroup = B1897BC31AD9529E008D743C /* Products */;
			projectDirPath = "";
			projectRoot = "";
			targets = (
				B1897BC11AD9529E008D743C /* AdvanceHBook */,
				B1897BDA1AD9529E008D743C /* AdvanceHBookTests */,
			);
		};
/* End PBXProject section */

/* Begin PBXResourcesBuildPhase section */
		B1897BC01AD9529E008D743C /* Resources */ = {
			isa = PBXResourcesBuildPhase;
			buildActionMask = 2147483647;
			files = (
				B1B979C01ADC69CC00A3D5D8 /* MXWBookViewController.xib in Resources */,
				B1897BD61AD9529E008D743C /* LaunchScreen.xib in Resources */,
				B17D17681ADEDB2600DFE4A2 /* AppIcon-144.png in Resources */,
				B17D176F1ADEDB2600DFE4A2 /* Reader-Button-H@2x.png in Resources */,
				B1B979CC1ADC7C5600A3D5D8 /* pdfdownloading.gif in Resources */,
				B1897BD31AD9529E008D743C /* Images.xcassets in Resources */,
				B1B979C51ADC77FA00A3D5D8 /* starDOWN.png in Resources */,
				B17D17691ADEDB2600DFE4A2 /* AppIcon-152.png in Resources */,
				B17D17761ADEDB2600DFE4A2 /* Reader-Mark-N.png in Resources */,
				B17D17671ADEDB2600DFE4A2 /* AppIcon-120.png in Resources */,
				B17D17721ADEDB2600DFE4A2 /* Reader-Email.png in Resources */,
				B17D177D1ADEDB2600DFE4A2 /* Reader-Thumbs@2x.png in Resources */,
				B1740D381AE2B13B000ECB0F /* MXWNoteCollectionViewCell.xib in Resources */,
				B17D177C1ADEDB2600DFE4A2 /* Reader-Thumbs.png in Resources */,
				B17D176A1ADEDB2600DFE4A2 /* AppIcon-180.png in Resources */,
				B17D176C1ADEDB2600DFE4A2 /* Default-667h@2x.png in Resources */,
				B1B979CB1ADC7C5600A3D5D8 /* pdfdownload.png in Resources */,
				B1740D3A1AE2B2AB000ECB0F /* post-it-198796-m.jpg in Resources */,
				B17D17641ADEDB2600DFE4A2 /* AppIcon-072.png in Resources */,
				B17D17791ADEDB2600DFE4A2 /* Reader-Mark-Y@2x.png in Resources */,
				B17D177A1ADEDB2600DFE4A2 /* Reader-Print.png in Resources */,
				B17D17771ADEDB2600DFE4A2 /* Reader-Mark-N@2x.png in Resources */,
				B17D17741ADEDB2600DFE4A2 /* Reader-Export.png in Resources */,
				B17D17651ADEDB2600DFE4A2 /* AppIcon-076.png in Resources */,
				B17D176B1ADEDB2600DFE4A2 /* Default-568h@2x.png in Resources */,
				B1897C1B1AD99724008D743C /* Book_placeholder.png in Resources */,
				B17D17661ADEDB2600DFE4A2 /* AppIcon-114.png in Resources */,
				B17D17781ADEDB2600DFE4A2 /* Reader-Mark-Y.png in Resources */,
				B1B979CA1ADC7C5600A3D5D8 /* pdf.gif in Resources */,
				B17D177B1ADEDB2600DFE4A2 /* Reader-Print@2x.png in Resources */,
				B17D17751ADEDB2600DFE4A2 /* Reader-Export@2x.png in Resources */,
				B17D17631ADEDB2600DFE4A2 /* AppIcon-057.png in Resources */,
				B1B979C21ADC738800A3D5D8 /* TheEnd.jpg in Resources */,
				B17D176E1ADEDB2600DFE4A2 /* Reader-Button-H.png in Resources */,
				B17D17711ADEDB2600DFE4A2 /* Reader-Button-N@2x.png in Resources */,
				B17D17701ADEDB2600DFE4A2 /* Reader-Button-N.png in Resources */,
				B17D17731ADEDB2600DFE4A2 /* Reader-Email@2x.png in Resources */,
				B1B979C61ADC77FA00A3D5D8 /* starUP.png in Resources */,
				B17D176D1ADEDB2600DFE4A2 /* Default-736h@3x.png in Resources */,
			);
			runOnlyForDeploymentPostprocessing = 0;
		};
		B1897BD91AD9529E008D743C /* Resources */ = {
			isa = PBXResourcesBuildPhase;
			buildActionMask = 2147483647;
			files = (
			);
			runOnlyForDeploymentPostprocessing = 0;
		};
/* End PBXResourcesBuildPhase section */

/* Begin PBXSourcesBuildPhase section */
		B1897BBE1AD9529E008D743C /* Sources */ = {
			isa = PBXSourcesBuildPhase;
			buildActionMask = 2147483647;
			files = (
				B17D17451ADEDACE00DFE4A2 /* ThumbsViewController.m in Sources */,
				B17D17351ADEDACE00DFE4A2 /* ReaderContentPage.m in Sources */,
				B17D17441ADEDACE00DFE4A2 /* ThumbsMainToolbar.m in Sources */,
				B1897BCB1AD9529E008D743C /* AppDelegate.m in Sources */,
				B17D17361ADEDACE00DFE4A2 /* ReaderContentTile.m in Sources */,
				B17D17401ADEDACE00DFE4A2 /* ReaderThumbRequest.m in Sources */,
				B1897C171AD98A46008D743C /* MXWNote.m in Sources */,
				B17D17391ADEDACE00DFE4A2 /* ReaderDocumentOutline.m in Sources */,
				B17D17081ADEDABA00DFE4A2 /* ReaderBookDelegate.m in Sources */,
				B17D17381ADEDACE00DFE4A2 /* ReaderDocument.m in Sources */,
				B152F5DA1ADA65910019FFFB /* MXWLibraryViewController.m in Sources */,
				B17D17461ADEDACE00DFE4A2 /* UIXToolbarView.m in Sources */,
				B17D17331ADEDACE00DFE4A2 /* CGPDFDocument.m in Sources */,
				B17D17421ADEDACE00DFE4A2 /* ReaderThumbView.m in Sources */,
				B17D173D1ADEDACE00DFE4A2 /* ReaderThumbFetch.m in Sources */,
				B1B979BF1ADC69CC00A3D5D8 /* MXWBookViewController.m in Sources */,
				B1897C041AD989FD008D743C /* _MXWAuthor.m in Sources */,
				B17D173F1ADEDACE00DFE4A2 /* ReaderThumbRender.m in Sources */,
				B17D17411ADEDACE00DFE4A2 /* ReaderThumbsView.m in Sources */,
				B17D17071ADEDABA00DFE4A2 /* ReaderAppDelegate.m in Sources */,
				B1740D461AE2B926000ECB0F /* AGTCoreDataCollectionViewController.m in Sources */,
				B1897C151AD98A46008D743C /* MXWBook.m in Sources */,
				B17D173B1ADEDACE00DFE4A2 /* ReaderMainToolbar.m in Sources */,
				B1897C051AD989FD008D743C /* _MXWBook.m in Sources */,
				B17D173A1ADEDACE00DFE4A2 /* ReaderMainPagebar.m in Sources */,
				B1897BED1AD977BD008D743C /* BookModel.xcdatamodeld in Sources */,
				B1897C1F1AD9C245008D743C /* MXWLibraryMng.m in Sources */,
				B17D17341ADEDACE00DFE4A2 /* ReaderConstants.m in Sources */,
				B1ABB2061AE0595C00AA7CA0 /* MXWNotesCollectionViewController.m in Sources */,
				B1897C0C1AD98A2B008D743C /* MXWAuthor.m in Sources */,
				B17D173C1ADEDACE00DFE4A2 /* ReaderThumbCache.m in Sources */,
				B1897C081AD989FD008D743C /* _MXWTag.m in Sources */,
				B17D17091ADEDABA00DFE4A2 /* ReaderDemoController.m in Sources */,
				B17D17371ADEDACE00DFE4A2 /* ReaderContentView.m in Sources */,
				B17D173E1ADEDACE00DFE4A2 /* ReaderThumbQueue.m in Sources */,
				B17D17431ADEDACE00DFE4A2 /* ReaderViewController.m in Sources */,
				B1897BF31AD98475008D743C /* AGTCoreDataStack.m in Sources */,
				B152F5DD1ADAA37D0019FFFB /* MXWCoreDataTableViewController.m in Sources */,
				B1897C161AD98A46008D743C /* MXWGender.m in Sources */,
				B1907B4C1AE3E637004A2E95 /* UISplitViewController+MXWCategoryViewController.m in Sources */,
				B1897C181AD98A46008D743C /* MXWTag.m in Sources */,
				B1740D401AE2B663000ECB0F /* MXWNoteCollectionViewCell.m in Sources */,
				B1897BF91AD986D8008D743C /* MXWBaseManagedObject.m in Sources */,
				B1897BC81AD9529E008D743C /* main.m in Sources */,
				B1897C071AD989FD008D743C /* _MXWNote.m in Sources */,
				B1897C061AD989FD008D743C /* _MXWGender.m in Sources */,
			);
			runOnlyForDeploymentPostprocessing = 0;
		};
		B1897BD71AD9529E008D743C /* Sources */ = {
			isa = PBXSourcesBuildPhase;
			buildActionMask = 2147483647;
			files = (
				B1897BE21AD9529E008D743C /* AdvanceHBookTests.m in Sources */,
			);
			runOnlyForDeploymentPostprocessing = 0;
		};
/* End PBXSourcesBuildPhase section */

/* Begin PBXTargetDependency section */
		B1897BDD1AD9529E008D743C /* PBXTargetDependency */ = {
			isa = PBXTargetDependency;
			target = B1897BC11AD9529E008D743C /* AdvanceHBook */;
			targetProxy = B1897BDC1AD9529E008D743C /* PBXContainerItemProxy */;
		};
/* End PBXTargetDependency section */

/* Begin PBXVariantGroup section */
		B1897BD41AD9529E008D743C /* LaunchScreen.xib */ = {
			isa = PBXVariantGroup;
			children = (
				B1897BD51AD9529E008D743C /* Base */,
			);
			name = LaunchScreen.xib;
			sourceTree = "<group>";
		};
/* End PBXVariantGroup section */

/* Begin XCBuildConfiguration section */
		B1897BE31AD9529E008D743C /* Debug */ = {
			isa = XCBuildConfiguration;
			buildSettings = {
				ALWAYS_SEARCH_USER_PATHS = NO;
				CLANG_CXX_LANGUAGE_STANDARD = "gnu++0x";
				CLANG_CXX_LIBRARY = "libc++";
				CLANG_ENABLE_MODULES = YES;
				CLANG_ENABLE_OBJC_ARC = YES;
				CLANG_WARN_BOOL_CONVERSION = YES;
				CLANG_WARN_CONSTANT_CONVERSION = YES;
				CLANG_WARN_DIRECT_OBJC_ISA_USAGE = YES_ERROR;
				CLANG_WARN_EMPTY_BODY = YES;
				CLANG_WARN_ENUM_CONVERSION = YES;
				CLANG_WARN_INT_CONVERSION = YES;
				CLANG_WARN_OBJC_ROOT_CLASS = YES_ERROR;
				CLANG_WARN_UNREACHABLE_CODE = YES;
				CLANG_WARN__DUPLICATE_METHOD_MATCH = YES;
				"CODE_SIGN_IDENTITY[sdk=iphoneos*]" = "iPhone Developer";
				COPY_PHASE_STRIP = NO;
				DEBUG_INFORMATION_FORMAT = "dwarf-with-dsym";
				ENABLE_STRICT_OBJC_MSGSEND = YES;
				GCC_C_LANGUAGE_STANDARD = gnu99;
				GCC_DYNAMIC_NO_PIC = NO;
				GCC_NO_COMMON_BLOCKS = YES;
				GCC_OPTIMIZATION_LEVEL = 0;
				GCC_PREPROCESSOR_DEFINITIONS = (
					"DEBUG=1",
					"$(inherited)",
				);
				GCC_SYMBOLS_PRIVATE_EXTERN = NO;
				GCC_WARN_64_TO_32_BIT_CONVERSION = YES;
				GCC_WARN_ABOUT_RETURN_TYPE = YES_ERROR;
				GCC_WARN_UNDECLARED_SELECTOR = YES;
				GCC_WARN_UNINITIALIZED_AUTOS = YES_AGGRESSIVE;
				GCC_WARN_UNUSED_FUNCTION = YES;
				GCC_WARN_UNUSED_VARIABLE = YES;
				IPHONEOS_DEPLOYMENT_TARGET = 8.3;
				MTL_ENABLE_DEBUG_INFO = YES;
				ONLY_ACTIVE_ARCH = YES;
				SDKROOT = iphoneos;
				TARGETED_DEVICE_FAMILY = "1,2";
			};
			name = Debug;
		};
		B1897BE41AD9529E008D743C /* Release */ = {
			isa = XCBuildConfiguration;
			buildSettings = {
				ALWAYS_SEARCH_USER_PATHS = NO;
				CLANG_CXX_LANGUAGE_STANDARD = "gnu++0x";
				CLANG_CXX_LIBRARY = "libc++";
				CLANG_ENABLE_MODULES = YES;
				CLANG_ENABLE_OBJC_ARC = YES;
				CLANG_WARN_BOOL_CONVERSION = YES;
				CLANG_WARN_CONSTANT_CONVERSION = YES;
				CLANG_WARN_DIRECT_OBJC_ISA_USAGE = YES_ERROR;
				CLANG_WARN_EMPTY_BODY = YES;
				CLANG_WARN_ENUM_CONVERSION = YES;
				CLANG_WARN_INT_CONVERSION = YES;
				CLANG_WARN_OBJC_ROOT_CLASS = YES_ERROR;
				CLANG_WARN_UNREACHABLE_CODE = YES;
				CLANG_WARN__DUPLICATE_METHOD_MATCH = YES;
				"CODE_SIGN_IDENTITY[sdk=iphoneos*]" = "iPhone Developer";
				COPY_PHASE_STRIP = NO;
				DEBUG_INFORMATION_FORMAT = "dwarf-with-dsym";
				ENABLE_NS_ASSERTIONS = NO;
				ENABLE_STRICT_OBJC_MSGSEND = YES;
				GCC_C_LANGUAGE_STANDARD = gnu99;
				GCC_NO_COMMON_BLOCKS = YES;
				GCC_WARN_64_TO_32_BIT_CONVERSION = YES;
				GCC_WARN_ABOUT_RETURN_TYPE = YES_ERROR;
				GCC_WARN_UNDECLARED_SELECTOR = YES;
				GCC_WARN_UNINITIALIZED_AUTOS = YES_AGGRESSIVE;
				GCC_WARN_UNUSED_FUNCTION = YES;
				GCC_WARN_UNUSED_VARIABLE = YES;
				IPHONEOS_DEPLOYMENT_TARGET = 8.3;
				MTL_ENABLE_DEBUG_INFO = NO;
				SDKROOT = iphoneos;
				TARGETED_DEVICE_FAMILY = "1,2";
				VALIDATE_PRODUCT = YES;
			};
			name = Release;
		};
		B1897BE61AD9529E008D743C /* Debug */ = {
			isa = XCBuildConfiguration;
			buildSettings = {
				ASSETCATALOG_COMPILER_APPICON_NAME = AppIcon;
				CLANG_ENABLE_OBJC_ARC = YES;
				INFOPLIST_FILE = AdvanceHBook/Info.plist;
				LD_RUNPATH_SEARCH_PATHS = "$(inherited) @executable_path/Frameworks";
				PRODUCT_NAME = "$(TARGET_NAME)";
				TARGETED_DEVICE_FAMILY = 2;
			};
			name = Debug;
		};
		B1897BE71AD9529E008D743C /* Release */ = {
			isa = XCBuildConfiguration;
			buildSettings = {
				ASSETCATALOG_COMPILER_APPICON_NAME = AppIcon;
				CLANG_ENABLE_OBJC_ARC = YES;
				INFOPLIST_FILE = AdvanceHBook/Info.plist;
				LD_RUNPATH_SEARCH_PATHS = "$(inherited) @executable_path/Frameworks";
				PRODUCT_NAME = "$(TARGET_NAME)";
				TARGETED_DEVICE_FAMILY = 2;
			};
			name = Release;
		};
		B1897BE91AD9529E008D743C /* Debug */ = {
			isa = XCBuildConfiguration;
			buildSettings = {
				BUNDLE_LOADER = "$(TEST_HOST)";
				FRAMEWORK_SEARCH_PATHS = (
					"$(SDKROOT)/Developer/Library/Frameworks",
					"$(inherited)",
				);
				GCC_PREPROCESSOR_DEFINITIONS = (
					"DEBUG=1",
					"$(inherited)",
				);
				INFOPLIST_FILE = AdvanceHBookTests/Info.plist;
				LD_RUNPATH_SEARCH_PATHS = "$(inherited) @executable_path/Frameworks @loader_path/Frameworks";
				PRODUCT_NAME = "$(TARGET_NAME)";
				TEST_HOST = "$(BUILT_PRODUCTS_DIR)/AdvanceHBook.app/AdvanceHBook";
			};
			name = Debug;
		};
		B1897BEA1AD9529E008D743C /* Release */ = {
			isa = XCBuildConfiguration;
			buildSettings = {
				BUNDLE_LOADER = "$(TEST_HOST)";
				FRAMEWORK_SEARCH_PATHS = (
					"$(SDKROOT)/Developer/Library/Frameworks",
					"$(inherited)",
				);
				INFOPLIST_FILE = AdvanceHBookTests/Info.plist;
				LD_RUNPATH_SEARCH_PATHS = "$(inherited) @executable_path/Frameworks @loader_path/Frameworks";
				PRODUCT_NAME = "$(TARGET_NAME)";
				TEST_HOST = "$(BUILT_PRODUCTS_DIR)/AdvanceHBook.app/AdvanceHBook";
			};
			name = Release;
		};
/* End XCBuildConfiguration section */

/* Begin XCConfigurationList section */
		B1897BBD1AD9529E008D743C /* Build configuration list for PBXProject "AdvanceHBook" */ = {
			isa = XCConfigurationList;
			buildConfigurations = (
				B1897BE31AD9529E008D743C /* Debug */,
				B1897BE41AD9529E008D743C /* Release */,
			);
			defaultConfigurationIsVisible = 0;
			defaultConfigurationName = Release;
		};
		B1897BE51AD9529E008D743C /* Build configuration list for PBXNativeTarget "AdvanceHBook" */ = {
			isa = XCConfigurationList;
			buildConfigurations = (
				B1897BE61AD9529E008D743C /* Debug */,
				B1897BE71AD9529E008D743C /* Release */,
			);
			defaultConfigurationIsVisible = 0;
			defaultConfigurationName = Release;
		};
		B1897BE81AD9529E008D743C /* Build configuration list for PBXNativeTarget "AdvanceHBookTests" */ = {
			isa = XCConfigurationList;
			buildConfigurations = (
				B1897BE91AD9529E008D743C /* Debug */,
				B1897BEA1AD9529E008D743C /* Release */,
			);
			defaultConfigurationIsVisible = 0;
			defaultConfigurationName = Release;
		};
/* End XCConfigurationList section */

/* Begin XCVersionGroup section */
		B1897BEB1AD977BD008D743C /* BookModel.xcdatamodeld */ = {
			isa = XCVersionGroup;
			children = (
				B1897BEC1AD977BD008D743C /* BookModel.xcdatamodel */,
			);
			currentVersion = B1897BEC1AD977BD008D743C /* BookModel.xcdatamodel */;
			path = BookModel.xcdatamodeld;
			sourceTree = "<group>";
			versionGroupType = wrapper.xcdatamodel;
		};
/* End XCVersionGroup section */
	};
	rootObject = B1897BBA1AD9529E008D743C /* Project object */;
}
